// !$*UTF8*$!
{
	archiveVersion = 1;
	classes = {
	};
	objectVersion = 46;
	objects = {

/* Begin PBXBuildFile section */
		CC6A32FD1C12C4F5000E682F /* HWDiscoverViewController.m in Sources */ = {isa = PBXBuildFile; fileRef = CC6A32D91C12C4F5000E682F /* HWDiscoverViewController.m */; };
		CC6A32FE1C12C4F5000E682F /* HWHomeViewController.m in Sources */ = {isa = PBXBuildFile; fileRef = CC6A32DF1C12C4F5000E682F /* HWHomeViewController.m */; };
		CC6A32FF1C12C4F5000E682F /* UIView+HWExtension.m in Sources */ = {isa = PBXBuildFile; fileRef = CC6A32E51C12C4F5000E682F /* UIView+HWExtension.m */; };
		CC6A33001C12C4F5000E682F /* HWTabbarViewController.m in Sources */ = {isa = PBXBuildFile; fileRef = CC6A32E81C12C4F5000E682F /* HWTabbarViewController.m */; };
		CC6A33011C12C4F5000E682F /* AppDelegate.m in Sources */ = {isa = PBXBuildFile; fileRef = CC6A32ED1C12C4F5000E682F /* AppDelegate.m */; };
		CC6A33021C12C4F5000E682F /* main.m in Sources */ = {isa = PBXBuildFile; fileRef = CC6A32EE1C12C4F5000E682F /* main.m */; };
		CC6A33031C12C4F5000E682F /* HWMessageCenterViewController.m in Sources */ = {isa = PBXBuildFile; fileRef = CC6A32F31C12C4F5000E682F /* HWMessageCenterViewController.m */; };
		CC6A33041C12C4F5000E682F /* HWProfileViewController.m in Sources */ = {isa = PBXBuildFile; fileRef = CC6A32FA1C12C4F5000E682F /* HWProfileViewController.m */; };
		CC6A33071C12CCFC000E682F /* UIBarButtonItem+Extension.m in Sources */ = {isa = PBXBuildFile; fileRef = CC6A33061C12CCFC000E682F /* UIBarButtonItem+Extension.m */; };
		CC6A330A1C12D2DD000E682F /* HWNavigationController.m in Sources */ = {isa = PBXBuildFile; fileRef = CC6A33091C12D2DD000E682F /* HWNavigationController.m */; };
		CC6A330E1C12DE82000E682F /* HWTestViewController.m in Sources */ = {isa = PBXBuildFile; fileRef = CC6A330C1C12DE82000E682F /* HWTestViewController.m */; };
		CC6A330F1C12DE82000E682F /* HWTestViewController.xib in Resources */ = {isa = PBXBuildFile; fileRef = CC6A330D1C12DE82000E682F /* HWTestViewController.xib */; };
		CC6A33121C12FCCA000E682F /* HWSearchBar.m in Sources */ = {isa = PBXBuildFile; fileRef = CC6A33111C12FCCA000E682F /* HWSearchBar.m */; };
		CC6A33151C1331F6000E682F /* HWDropMenu.m in Sources */ = {isa = PBXBuildFile; fileRef = CC6A33141C1331F6000E682F /* HWDropMenu.m */; };
		CCCEDF531C1404A9000144E6 /* HWTabBar.m in Sources */ = {isa = PBXBuildFile; fileRef = CCCEDF521C1404A9000144E6 /* HWTabBar.m */; };
		CCCEDF581C142FF7000144E6 /* HWNewFeatureController.m in Sources */ = {isa = PBXBuildFile; fileRef = CCCEDF571C142FF7000144E6 /* HWNewFeatureController.m */; };
		CCFA0F921C11ADCE00EAF430 /* Assets.xcassets in Resources */ = {isa = PBXBuildFile; fileRef = CCFA0F911C11ADCE00EAF430 /* Assets.xcassets */; };
		CCFA0FA01C11ADCE00EAF430 /* ____Tests.m in Sources */ = {isa = PBXBuildFile; fileRef = CCFA0F9F1C11ADCE00EAF430 /* ____Tests.m */; };
		CCFA0FAB1C11ADCE00EAF430 /* ____UITests.m in Sources */ = {isa = PBXBuildFile; fileRef = CCFA0FAA1C11ADCE00EAF430 /* ____UITests.m */; };
/* End PBXBuildFile section */

/* Begin PBXContainerItemProxy section */
		CCFA0F9C1C11ADCE00EAF430 /* PBXContainerItemProxy */ = {
			isa = PBXContainerItemProxy;
			containerPortal = CCFA0F7A1C11ADCE00EAF430 /* Project object */;
			proxyType = 1;
			remoteGlobalIDString = CCFA0F811C11ADCE00EAF430;
			remoteInfo = "微博项目";
		};
		CCFA0FA71C11ADCE00EAF430 /* PBXContainerItemProxy */ = {
			isa = PBXContainerItemProxy;
			containerPortal = CCFA0F7A1C11ADCE00EAF430 /* Project object */;
			proxyType = 1;
			remoteGlobalIDString = CCFA0F811C11ADCE00EAF430;
			remoteInfo = "微博项目";
		};
/* End PBXContainerItemProxy section */

/* Begin PBXFileReference section */
		CC6A32D81C12C4F5000E682F /* HWDiscoverViewController.h */ = {isa = PBXFileReference; fileEncoding = 4; lastKnownFileType = sourcecode.c.h; path = HWDiscoverViewController.h; sourceTree = "<group>"; };
		CC6A32D91C12C4F5000E682F /* HWDiscoverViewController.m */ = {isa = PBXFileReference; fileEncoding = 4; lastKnownFileType = sourcecode.c.objc; path = HWDiscoverViewController.m; sourceTree = "<group>"; };
		CC6A32DE1C12C4F5000E682F /* HWHomeViewController.h */ = {isa = PBXFileReference; fileEncoding = 4; lastKnownFileType = sourcecode.c.h; path = HWHomeViewController.h; sourceTree = "<group>"; };
		CC6A32DF1C12C4F5000E682F /* HWHomeViewController.m */ = {isa = PBXFileReference; fileEncoding = 4; lastKnownFileType = sourcecode.c.objc; path = HWHomeViewController.m; sourceTree = "<group>"; };
		CC6A32E41C12C4F5000E682F /* UIView+HWExtension.h */ = {isa = PBXFileReference; fileEncoding = 4; lastKnownFileType = sourcecode.c.h; path = "UIView+HWExtension.h"; sourceTree = "<group>"; };
		CC6A32E51C12C4F5000E682F /* UIView+HWExtension.m */ = {isa = PBXFileReference; fileEncoding = 4; lastKnownFileType = sourcecode.c.objc; path = "UIView+HWExtension.m"; sourceTree = "<group>"; };
		CC6A32E71C12C4F5000E682F /* HWTabbarViewController.h */ = {isa = PBXFileReference; fileEncoding = 4; lastKnownFileType = sourcecode.c.h; path = HWTabbarViewController.h; sourceTree = "<group>"; };
		CC6A32E81C12C4F5000E682F /* HWTabbarViewController.m */ = {isa = PBXFileReference; fileEncoding = 4; lastKnownFileType = sourcecode.c.objc; path = HWTabbarViewController.m; sourceTree = "<group>"; };
		CC6A32EC1C12C4F5000E682F /* AppDelegate.h */ = {isa = PBXFileReference; fileEncoding = 4; lastKnownFileType = sourcecode.c.h; path = AppDelegate.h; sourceTree = "<group>"; };
		CC6A32ED1C12C4F5000E682F /* AppDelegate.m */ = {isa = PBXFileReference; fileEncoding = 4; lastKnownFileType = sourcecode.c.objc; path = AppDelegate.m; sourceTree = "<group>"; };
		CC6A32EE1C12C4F5000E682F /* main.m */ = {isa = PBXFileReference; fileEncoding = 4; lastKnownFileType = sourcecode.c.objc; path = main.m; sourceTree = "<group>"; };
		CC6A32F21C12C4F5000E682F /* HWMessageCenterViewController.h */ = {isa = PBXFileReference; fileEncoding = 4; lastKnownFileType = sourcecode.c.h; path = HWMessageCenterViewController.h; sourceTree = "<group>"; };
		CC6A32F31C12C4F5000E682F /* HWMessageCenterViewController.m */ = {isa = PBXFileReference; fileEncoding = 4; lastKnownFileType = sourcecode.c.objc; path = HWMessageCenterViewController.m; sourceTree = "<group>"; };
		CC6A32F91C12C4F5000E682F /* HWProfileViewController.h */ = {isa = PBXFileReference; fileEncoding = 4; lastKnownFileType = sourcecode.c.h; path = HWProfileViewController.h; sourceTree = "<group>"; };
		CC6A32FA1C12C4F5000E682F /* HWProfileViewController.m */ = {isa = PBXFileReference; fileEncoding = 4; lastKnownFileType = sourcecode.c.objc; path = HWProfileViewController.m; sourceTree = "<group>"; };
		CC6A33051C12CCFC000E682F /* UIBarButtonItem+Extension.h */ = {isa = PBXFileReference; fileEncoding = 4; lastKnownFileType = sourcecode.c.h; path = "UIBarButtonItem+Extension.h"; sourceTree = "<group>"; };
		CC6A33061C12CCFC000E682F /* UIBarButtonItem+Extension.m */ = {isa = PBXFileReference; fileEncoding = 4; lastKnownFileType = sourcecode.c.objc; path = "UIBarButtonItem+Extension.m"; sourceTree = "<group>"; };
		CC6A33081C12D2DD000E682F /* HWNavigationController.h */ = {isa = PBXFileReference; fileEncoding = 4; lastKnownFileType = sourcecode.c.h; path = HWNavigationController.h; sourceTree = "<group>"; };
		CC6A33091C12D2DD000E682F /* HWNavigationController.m */ = {isa = PBXFileReference; fileEncoding = 4; lastKnownFileType = sourcecode.c.objc; path = HWNavigationController.m; sourceTree = "<group>"; };
		CC6A330B1C12DE82000E682F /* HWTestViewController.h */ = {isa = PBXFileReference; fileEncoding = 4; lastKnownFileType = sourcecode.c.h; path = HWTestViewController.h; sourceTree = "<group>"; };
		CC6A330C1C12DE82000E682F /* HWTestViewController.m */ = {isa = PBXFileReference; fileEncoding = 4; lastKnownFileType = sourcecode.c.objc; path = HWTestViewController.m; sourceTree = "<group>"; };
		CC6A330D1C12DE82000E682F /* HWTestViewController.xib */ = {isa = PBXFileReference; fileEncoding = 4; lastKnownFileType = file.xib; path = HWTestViewController.xib; sourceTree = "<group>"; };
		CC6A33101C12FCCA000E682F /* HWSearchBar.h */ = {isa = PBXFileReference; fileEncoding = 4; lastKnownFileType = sourcecode.c.h; path = HWSearchBar.h; sourceTree = "<group>"; };
		CC6A33111C12FCCA000E682F /* HWSearchBar.m */ = {isa = PBXFileReference; fileEncoding = 4; lastKnownFileType = sourcecode.c.objc; path = HWSearchBar.m; sourceTree = "<group>"; };
		CC6A33131C1331F6000E682F /* HWDropMenu.h */ = {isa = PBXFileReference; fileEncoding = 4; lastKnownFileType = sourcecode.c.h; path = HWDropMenu.h; sourceTree = "<group>"; };
		CC6A33141C1331F6000E682F /* HWDropMenu.m */ = {isa = PBXFileReference; fileEncoding = 4; lastKnownFileType = sourcecode.c.objc; path = HWDropMenu.m; sourceTree = "<group>"; };
		CCCEDF511C1404A9000144E6 /* HWTabBar.h */ = {isa = PBXFileReference; fileEncoding = 4; lastKnownFileType = sourcecode.c.h; path = HWTabBar.h; sourceTree = "<group>"; };
		CCCEDF521C1404A9000144E6 /* HWTabBar.m */ = {isa = PBXFileReference; fileEncoding = 4; lastKnownFileType = sourcecode.c.objc; path = HWTabBar.m; sourceTree = "<group>"; };
		CCCEDF561C142FF7000144E6 /* HWNewFeatureController.h */ = {isa = PBXFileReference; fileEncoding = 4; lastKnownFileType = sourcecode.c.h; path = HWNewFeatureController.h; sourceTree = "<group>"; };
		CCCEDF571C142FF7000144E6 /* HWNewFeatureController.m */ = {isa = PBXFileReference; fileEncoding = 4; lastKnownFileType = sourcecode.c.objc; path = HWNewFeatureController.m; sourceTree = "<group>"; };
		CCFA0F821C11ADCE00EAF430 /* 微博项目.app */ = {isa = PBXFileReference; explicitFileType = wrapper.application; includeInIndex = 0; path = "微博项目.app"; sourceTree = BUILT_PRODUCTS_DIR; };
		CCFA0F911C11ADCE00EAF430 /* Assets.xcassets */ = {isa = PBXFileReference; lastKnownFileType = folder.assetcatalog; path = Assets.xcassets; sourceTree = "<group>"; };
		CCFA0F961C11ADCE00EAF430 /* Info.plist */ = {isa = PBXFileReference; lastKnownFileType = text.plist.xml; path = Info.plist; sourceTree = "<group>"; };
		CCFA0F9B1C11ADCE00EAF430 /* 微博项目Tests.xctest */ = {isa = PBXFileReference; explicitFileType = wrapper.cfbundle; includeInIndex = 0; path = "微博项目Tests.xctest"; sourceTree = BUILT_PRODUCTS_DIR; };
		CCFA0F9F1C11ADCE00EAF430 /* ____Tests.m */ = {isa = PBXFileReference; lastKnownFileType = sourcecode.c.objc; path = "____Tests.m"; sourceTree = "<group>"; };
		CCFA0FA11C11ADCE00EAF430 /* Info.plist */ = {isa = PBXFileReference; lastKnownFileType = text.plist.xml; path = Info.plist; sourceTree = "<group>"; };
		CCFA0FA61C11ADCE00EAF430 /* 微博项目UITests.xctest */ = {isa = PBXFileReference; explicitFileType = wrapper.cfbundle; includeInIndex = 0; path = "微博项目UITests.xctest"; sourceTree = BUILT_PRODUCTS_DIR; };
		CCFA0FAA1C11ADCE00EAF430 /* ____UITests.m */ = {isa = PBXFileReference; lastKnownFileType = sourcecode.c.objc; path = "____UITests.m"; sourceTree = "<group>"; };
		CCFA0FAC1C11ADCE00EAF430 /* Info.plist */ = {isa = PBXFileReference; lastKnownFileType = text.plist.xml; path = Info.plist; sourceTree = "<group>"; };
		CCFA0FB81C11AEEC00EAF430 /* PrefixHeader.pch */ = {isa = PBXFileReference; fileEncoding = 4; lastKnownFileType = sourcecode.c.h; name = PrefixHeader.pch; path = ../PrefixHeader.pch; sourceTree = "<group>"; };
/* End PBXFileReference section */

/* Begin PBXFrameworksBuildPhase section */
		CCFA0F7F1C11ADCE00EAF430 /* Frameworks */ = {
			isa = PBXFrameworksBuildPhase;
			buildActionMask = 2147483647;
			files = (
			);
			runOnlyForDeploymentPostprocessing = 0;
		};
		CCFA0F981C11ADCE00EAF430 /* Frameworks */ = {
			isa = PBXFrameworksBuildPhase;
			buildActionMask = 2147483647;
			files = (
			);
			runOnlyForDeploymentPostprocessing = 0;
		};
		CCFA0FA31C11ADCE00EAF430 /* Frameworks */ = {
			isa = PBXFrameworksBuildPhase;
			buildActionMask = 2147483647;
			files = (
			);
			runOnlyForDeploymentPostprocessing = 0;
		};
/* End PBXFrameworksBuildPhase section */

/* Begin PBXGroup section */
		CC6A32D51C12C4F5000E682F /* classes */ = {
			isa = PBXGroup;
			children = (
				CCCEDF541C142FD4000144E6 /* NewFeature */,
				CC6A32D61C12C4F5000E682F /* Discover */,
				CC6A32DC1C12C4F5000E682F /* Home */,
				CC6A32E21C12C4F5000E682F /* Main */,
				CC6A32F01C12C4F5000E682F /* MessageCenter */,
				CC6A32F61C12C4F5000E682F /* Other */,
				CC6A32F71C12C4F5000E682F /* Profile */,
			);
			path = classes;
			sourceTree = "<group>";
		};
		CC6A32D61C12C4F5000E682F /* Discover */ = {
			isa = PBXGroup;
			children = (
				CC6A32D71C12C4F5000E682F /* Controller */,
				CC6A32DA1C12C4F5000E682F /* Model */,
				CC6A32DB1C12C4F5000E682F /* View */,
			);
			path = Discover;
			sourceTree = "<group>";
		};
		CC6A32D71C12C4F5000E682F /* Controller */ = {
			isa = PBXGroup;
			children = (
				CC6A32D81C12C4F5000E682F /* HWDiscoverViewController.h */,
				CC6A32D91C12C4F5000E682F /* HWDiscoverViewController.m */,
			);
			path = Controller;
			sourceTree = "<group>";
		};
		CC6A32DA1C12C4F5000E682F /* Model */ = {
			isa = PBXGroup;
			children = (
			);
			path = Model;
			sourceTree = "<group>";
		};
		CC6A32DB1C12C4F5000E682F /* View */ = {
			isa = PBXGroup;
			children = (
			);
			path = View;
			sourceTree = "<group>";
		};
		CC6A32DC1C12C4F5000E682F /* Home */ = {
			isa = PBXGroup;
			children = (
				CC6A32DD1C12C4F5000E682F /* Controller */,
				CC6A32E01C12C4F5000E682F /* Model */,
				CC6A32E11C12C4F5000E682F /* View */,
			);
			path = Home;
			sourceTree = "<group>";
		};
		CC6A32DD1C12C4F5000E682F /* Controller */ = {
			isa = PBXGroup;
			children = (
				CC6A32DE1C12C4F5000E682F /* HWHomeViewController.h */,
				CC6A32DF1C12C4F5000E682F /* HWHomeViewController.m */,
			);
			path = Controller;
			sourceTree = "<group>";
		};
		CC6A32E01C12C4F5000E682F /* Model */ = {
			isa = PBXGroup;
			children = (
			);
			path = Model;
			sourceTree = "<group>";
		};
		CC6A32E11C12C4F5000E682F /* View */ = {
			isa = PBXGroup;
			children = (
			);
			path = View;
			sourceTree = "<group>";
		};
		CC6A32E21C12C4F5000E682F /* Main */ = {
			isa = PBXGroup;
			children = (
				CC6A32E31C12C4F5000E682F /* Category */,
				CC6A32E61C12C4F5000E682F /* Controller */,
				CC6A32E91C12C4F5000E682F /* LIb */,
				CC6A32EA1C12C4F5000E682F /* Model */,
				CC6A32EB1C12C4F5000E682F /* Other */,
				CC6A32EF1C12C4F5000E682F /* View */,
			);
			path = Main;
			sourceTree = "<group>";
		};
		CC6A32E31C12C4F5000E682F /* Category */ = {
			isa = PBXGroup;
			children = (
				CC6A32E41C12C4F5000E682F /* UIView+HWExtension.h */,
				CC6A32E51C12C4F5000E682F /* UIView+HWExtension.m */,
				CC6A33051C12CCFC000E682F /* UIBarButtonItem+Extension.h */,
				CC6A33061C12CCFC000E682F /* UIBarButtonItem+Extension.m */,
			);
			path = Category;
			sourceTree = "<group>";
		};
		CC6A32E61C12C4F5000E682F /* Controller */ = {
			isa = PBXGroup;
			children = (
				CC6A32E71C12C4F5000E682F /* HWTabbarViewController.h */,
				CC6A32E81C12C4F5000E682F /* HWTabbarViewController.m */,
				CC6A33081C12D2DD000E682F /* HWNavigationController.h */,
				CC6A33091C12D2DD000E682F /* HWNavigationController.m */,
			);
			path = Controller;
			sourceTree = "<group>";
		};
		CC6A32E91C12C4F5000E682F /* LIb */ = {
			isa = PBXGroup;
			children = (
			);
			path = LIb;
			sourceTree = "<group>";
		};
		CC6A32EA1C12C4F5000E682F /* Model */ = {
			isa = PBXGroup;
			children = (
			);
			path = Model;
			sourceTree = "<group>";
		};
		CC6A32EB1C12C4F5000E682F /* Other */ = {
			isa = PBXGroup;
			children = (
				CC6A32EC1C12C4F5000E682F /* AppDelegate.h */,
				CC6A32ED1C12C4F5000E682F /* AppDelegate.m */,
				CC6A32EE1C12C4F5000E682F /* main.m */,
			);
			path = Other;
			sourceTree = "<group>";
		};
		CC6A32EF1C12C4F5000E682F /* View */ = {
			isa = PBXGroup;
			children = (
				CC6A33101C12FCCA000E682F /* HWSearchBar.h */,
				CC6A33111C12FCCA000E682F /* HWSearchBar.m */,
				CC6A33131C1331F6000E682F /* HWDropMenu.h */,
				CC6A33141C1331F6000E682F /* HWDropMenu.m */,
				CCCEDF511C1404A9000144E6 /* HWTabBar.h */,
				CCCEDF521C1404A9000144E6 /* HWTabBar.m */,
			);
			path = View;
			sourceTree = "<group>";
		};
		CC6A32F01C12C4F5000E682F /* MessageCenter */ = {
			isa = PBXGroup;
			children = (
				CC6A32F11C12C4F5000E682F /* Controller */,
				CC6A32F41C12C4F5000E682F /* Model */,
				CC6A32F51C12C4F5000E682F /* View */,
			);
			path = MessageCenter;
			sourceTree = "<group>";
		};
		CC6A32F11C12C4F5000E682F /* Controller */ = {
			isa = PBXGroup;
			children = (
				CC6A32F21C12C4F5000E682F /* HWMessageCenterViewController.h */,
				CC6A32F31C12C4F5000E682F /* HWMessageCenterViewController.m */,
			);
			path = Controller;
			sourceTree = "<group>";
		};
		CC6A32F41C12C4F5000E682F /* Model */ = {
			isa = PBXGroup;
			children = (
			);
			path = Model;
			sourceTree = "<group>";
		};
		CC6A32F51C12C4F5000E682F /* View */ = {
			isa = PBXGroup;
			children = (
			);
			path = View;
			sourceTree = "<group>";
		};
		CC6A32F61C12C4F5000E682F /* Other */ = {
			isa = PBXGroup;
			children = (
				CC6A330B1C12DE82000E682F /* HWTestViewController.h */,
				CC6A330C1C12DE82000E682F /* HWTestViewController.m */,
				CC6A330D1C12DE82000E682F /* HWTestViewController.xib */,
			);
			path = Other;
			sourceTree = "<group>";
		};
		CC6A32F71C12C4F5000E682F /* Profile */ = {
			isa = PBXGroup;
			children = (
				CC6A32F81C12C4F5000E682F /* Controller */,
				CC6A32FB1C12C4F5000E682F /* Model */,
				CC6A32FC1C12C4F5000E682F /* View */,
			);
			path = Profile;
			sourceTree = "<group>";
		};
		CC6A32F81C12C4F5000E682F /* Controller */ = {
			isa = PBXGroup;
			children = (
				CC6A32F91C12C4F5000E682F /* HWProfileViewController.h */,
				CC6A32FA1C12C4F5000E682F /* HWProfileViewController.m */,
			);
			path = Controller;
			sourceTree = "<group>";
		};
		CC6A32FB1C12C4F5000E682F /* Model */ = {
			isa = PBXGroup;
			children = (
			);
			path = Model;
			sourceTree = "<group>";
		};
		CC6A32FC1C12C4F5000E682F /* View */ = {
			isa = PBXGroup;
			children = (
			);
			path = View;
			sourceTree = "<group>";
		};
		CCCEDF541C142FD4000144E6 /* NewFeature */ = {
			isa = PBXGroup;
			children = (
				CCCEDF551C142FD4000144E6 /* Controller */,
			);
			path = NewFeature;
			sourceTree = "<group>";
		};
		CCCEDF551C142FD4000144E6 /* Controller */ = {
			isa = PBXGroup;
			children = (
				CCCEDF561C142FF7000144E6 /* HWNewFeatureController.h */,
				CCCEDF571C142FF7000144E6 /* HWNewFeatureController.m */,
			);
			path = Controller;
			sourceTree = "<group>";
		};
		CCFA0F791C11ADCE00EAF430 = {
			isa = PBXGroup;
			children = (
				CCFA0F841C11ADCE00EAF430 /* 微博项目 */,
				CCFA0F9E1C11ADCE00EAF430 /* 微博项目Tests */,
				CCFA0FA91C11ADCE00EAF430 /* 微博项目UITests */,
				CCFA0F831C11ADCE00EAF430 /* Products */,
			);
			sourceTree = "<group>";
		};
		CCFA0F831C11ADCE00EAF430 /* Products */ = {
			isa = PBXGroup;
			children = (
				CCFA0F821C11ADCE00EAF430 /* 微博项目.app */,
				CCFA0F9B1C11ADCE00EAF430 /* 微博项目Tests.xctest */,
				CCFA0FA61C11ADCE00EAF430 /* 微博项目UITests.xctest */,
			);
			name = Products;
			sourceTree = "<group>";
		};
		CCFA0F841C11ADCE00EAF430 /* 微博项目 */ = {
			isa = PBXGroup;
			children = (
				CC6A32D51C12C4F5000E682F /* classes */,
				CCFA0F851C11ADCE00EAF430 /* Supporting Files */,
			);
			path = "微博项目";
			sourceTree = "<group>";
		};
		CCFA0F851C11ADCE00EAF430 /* Supporting Files */ = {
			isa = PBXGroup;
			children = (
				CCFA0F961C11ADCE00EAF430 /* Info.plist */,
				CCFA0F911C11ADCE00EAF430 /* Assets.xcassets */,
				CCFA0FB81C11AEEC00EAF430 /* PrefixHeader.pch */,
			);
			name = "Supporting Files";
			sourceTree = "<group>";
		};
		CCFA0F9E1C11ADCE00EAF430 /* 微博项目Tests */ = {
			isa = PBXGroup;
			children = (
				CCFA0F9F1C11ADCE00EAF430 /* ____Tests.m */,
				CCFA0FA11C11ADCE00EAF430 /* Info.plist */,
			);
			path = "微博项目Tests";
			sourceTree = "<group>";
		};
		CCFA0FA91C11ADCE00EAF430 /* 微博项目UITests */ = {
			isa = PBXGroup;
			children = (
				CCFA0FAA1C11ADCE00EAF430 /* ____UITests.m */,
				CCFA0FAC1C11ADCE00EAF430 /* Info.plist */,
			);
			path = "微博项目UITests";
			sourceTree = "<group>";
		};
/* End PBXGroup section */

/* Begin PBXNativeTarget section */
		CCFA0F811C11ADCE00EAF430 /* 微博项目 */ = {
			isa = PBXNativeTarget;
			buildConfigurationList = CCFA0FAF1C11ADCE00EAF430 /* Build configuration list for PBXNativeTarget "微博项目" */;
			buildPhases = (
				CCFA0F7E1C11ADCE00EAF430 /* Sources */,
				CCFA0F7F1C11ADCE00EAF430 /* Frameworks */,
				CCFA0F801C11ADCE00EAF430 /* Resources */,
			);
			buildRules = (
			);
			dependencies = (
			);
			name = "微博项目";
			productName = "微博项目";
			productReference = CCFA0F821C11ADCE00EAF430 /* 微博项目.app */;
			productType = "com.apple.product-type.application";
		};
		CCFA0F9A1C11ADCE00EAF430 /* 微博项目Tests */ = {
			isa = PBXNativeTarget;
			buildConfigurationList = CCFA0FB21C11ADCE00EAF430 /* Build configuration list for PBXNativeTarget "微博项目Tests" */;
			buildPhases = (
				CCFA0F971C11ADCE00EAF430 /* Sources */,
				CCFA0F981C11ADCE00EAF430 /* Frameworks */,
				CCFA0F991C11ADCE00EAF430 /* Resources */,
			);
			buildRules = (
			);
			dependencies = (
				CCFA0F9D1C11ADCE00EAF430 /* PBXTargetDependency */,
			);
			name = "微博项目Tests";
			productName = "微博项目Tests";
			productReference = CCFA0F9B1C11ADCE00EAF430 /* 微博项目Tests.xctest */;
			productType = "com.apple.product-type.bundle.unit-test";
		};
		CCFA0FA51C11ADCE00EAF430 /* 微博项目UITests */ = {
			isa = PBXNativeTarget;
			buildConfigurationList = CCFA0FB51C11ADCE00EAF430 /* Build configuration list for PBXNativeTarget "微博项目UITests" */;
			buildPhases = (
				CCFA0FA21C11ADCE00EAF430 /* Sources */,
				CCFA0FA31C11ADCE00EAF430 /* Frameworks */,
				CCFA0FA41C11ADCE00EAF430 /* Resources */,
			);
			buildRules = (
			);
			dependencies = (
				CCFA0FA81C11ADCE00EAF430 /* PBXTargetDependency */,
			);
			name = "微博项目UITests";
			productName = "微博项目UITests";
			productReference = CCFA0FA61C11ADCE00EAF430 /* 微博项目UITests.xctest */;
			productType = "com.apple.product-type.bundle.ui-testing";
		};
/* End PBXNativeTarget section */

/* Begin PBXProject section */
		CCFA0F7A1C11ADCE00EAF430 /* Project object */ = {
			isa = PBXProject;
			attributes = {
				CLASSPREFIX = HW;
				LastUpgradeCheck = 0720;
				ORGANIZATIONNAME = Youngfev;
				TargetAttributes = {
					CCFA0F811C11ADCE00EAF430 = {
						CreatedOnToolsVersion = 7.2;
						DevelopmentTeam = CCTP5JUCM6;
					};
					CCFA0F9A1C11ADCE00EAF430 = {
						CreatedOnToolsVersion = 7.2;
						DevelopmentTeam = CCTP5JUCM6;
						TestTargetID = CCFA0F811C11ADCE00EAF430;
					};
					CCFA0FA51C11ADCE00EAF430 = {
						CreatedOnToolsVersion = 7.2;
						DevelopmentTeam = CCTP5JUCM6;
						TestTargetID = CCFA0F811C11ADCE00EAF430;
					};
				};
			};
			buildConfigurationList = CCFA0F7D1C11ADCE00EAF430 /* Build configuration list for PBXProject "微博项目" */;
			compatibilityVersion = "Xcode 3.2";
			developmentRegion = English;
			hasScannedForEncodings = 0;
			knownRegions = (
				en,
				Base,
			);
			mainGroup = CCFA0F791C11ADCE00EAF430;
			productRefGroup = CCFA0F831C11ADCE00EAF430 /* Products */;
			projectDirPath = "";
			projectRoot = "";
			targets = (
				CCFA0F811C11ADCE00EAF430 /* 微博项目 */,
				CCFA0F9A1C11ADCE00EAF430 /* 微博项目Tests */,
				CCFA0FA51C11ADCE00EAF430 /* 微博项目UITests */,
			);
		};
/* End PBXProject section */

/* Begin PBXResourcesBuildPhase section */
		CCFA0F801C11ADCE00EAF430 /* Resources */ = {
			isa = PBXResourcesBuildPhase;
			buildActionMask = 2147483647;
			files = (
				CCFA0F921C11ADCE00EAF430 /* Assets.xcassets in Resources */,
				CC6A330F1C12DE82000E682F /* HWTestViewController.xib in Resources */,
			);
			runOnlyForDeploymentPostprocessing = 0;
		};
		CCFA0F991C11ADCE00EAF430 /* Resources */ = {
			isa = PBXResourcesBuildPhase;
			buildActionMask = 2147483647;
			files = (
			);
			runOnlyForDeploymentPostprocessing = 0;
		};
		CCFA0FA41C11ADCE00EAF430 /* Resources */ = {
			isa = PBXResourcesBuildPhase;
			buildActionMask = 2147483647;
			files = (
			);
			runOnlyForDeploymentPostprocessing = 0;
		};
/* End PBXResourcesBuildPhase section */

/* Begin PBXSourcesBuildPhase section */
		CCFA0F7E1C11ADCE00EAF430 /* Sources */ = {
			isa = PBXSourcesBuildPhase;
			buildActionMask = 2147483647;
			files = (
				CC6A330A1C12D2DD000E682F /* HWNavigationController.m in Sources */,
				CC6A32FE1C12C4F5000E682F /* HWHomeViewController.m in Sources */,
				CC6A33151C1331F6000E682F /* HWDropMenu.m in Sources */,
				CC6A33121C12FCCA000E682F /* HWSearchBar.m in Sources */,
				CCCEDF531C1404A9000144E6 /* HWTabBar.m in Sources */,
				CC6A32FD1C12C4F5000E682F /* HWDiscoverViewController.m in Sources */,
				CC6A33041C12C4F5000E682F /* HWProfileViewController.m in Sources */,
				CC6A33031C12C4F5000E682F /* HWMessageCenterViewController.m in Sources */,
				CC6A33001C12C4F5000E682F /* HWTabbarViewController.m in Sources */,
				CC6A33011C12C4F5000E682F /* AppDelegate.m in Sources */,
				CC6A33071C12CCFC000E682F /* UIBarButtonItem+Extension.m in Sources */,
				CC6A32FF1C12C4F5000E682F /* UIView+HWExtension.m in Sources */,
				CC6A330E1C12DE82000E682F /* HWTestViewController.m in Sources */,
				CCCEDF581C142FF7000144E6 /* HWNewFeatureController.m in Sources */,
				CC6A33021C12C4F5000E682F /* main.m in Sources */,
			);
			runOnlyForDeploymentPostprocessing = 0;
		};
		CCFA0F971C11ADCE00EAF430 /* Sources */ = {
			isa = PBXSourcesBuildPhase;
			buildActionMask = 2147483647;
			files = (
				CCFA0FA01C11ADCE00EAF430 /* ____Tests.m in Sources */,
			);
			runOnlyForDeploymentPostprocessing = 0;
		};
		CCFA0FA21C11ADCE00EAF430 /* Sources */ = {
			isa = PBXSourcesBuildPhase;
			buildActionMask = 2147483647;
			files = (
				CCFA0FAB1C11ADCE00EAF430 /* ____UITests.m in Sources */,
			);
			runOnlyForDeploymentPostprocessing = 0;
		};
/* End PBXSourcesBuildPhase section */

/* Begin PBXTargetDependency section */
		CCFA0F9D1C11ADCE00EAF430 /* PBXTargetDependency */ = {
			isa = PBXTargetDependency;
			target = CCFA0F811C11ADCE00EAF430 /* 微博项目 */;
			targetProxy = CCFA0F9C1C11ADCE00EAF430 /* PBXContainerItemProxy */;
		};
		CCFA0FA81C11ADCE00EAF430 /* PBXTargetDependency */ = {
			isa = PBXTargetDependency;
			target = CCFA0F811C11ADCE00EAF430 /* 微博项目 */;
			targetProxy = CCFA0FA71C11ADCE00EAF430 /* PBXContainerItemProxy */;
		};
/* End PBXTargetDependency section */

/* Begin XCBuildConfiguration section */
		CCFA0FAD1C11ADCE00EAF430 /* Debug */ = {
			isa = XCBuildConfiguration;
			buildSettings = {
				ALWAYS_SEARCH_USER_PATHS = NO;
				CLANG_CXX_LANGUAGE_STANDARD = "gnu++0x";
				CLANG_CXX_LIBRARY = "libc++";
				CLANG_ENABLE_MODULES = YES;
				CLANG_ENABLE_OBJC_ARC = YES;
				CLANG_WARN_BOOL_CONVERSION = YES;
				CLANG_WARN_CONSTANT_CONVERSION = YES;
				CLANG_WARN_DIRECT_OBJC_ISA_USAGE = YES_ERROR;
				CLANG_WARN_EMPTY_BODY = YES;
				CLANG_WARN_ENUM_CONVERSION = YES;
				CLANG_WARN_INT_CONVERSION = YES;
				CLANG_WARN_OBJC_ROOT_CLASS = YES_ERROR;
				CLANG_WARN_UNREACHABLE_CODE = YES;
				CLANG_WARN__DUPLICATE_METHOD_MATCH = YES;
				"CODE_SIGN_IDENTITY[sdk=iphoneos*]" = "iPhone Developer";
				COPY_PHASE_STRIP = NO;
				DEBUG_INFORMATION_FORMAT = dwarf;
				ENABLE_STRICT_OBJC_MSGSEND = YES;
				ENABLE_TESTABILITY = YES;
				GCC_C_LANGUAGE_STANDARD = gnu99;
				GCC_DYNAMIC_NO_PIC = NO;
				GCC_NO_COMMON_BLOCKS = YES;
				GCC_OPTIMIZATION_LEVEL = 0;
				GCC_PRECOMPILE_PREFIX_HEADER = YES;
				GCC_PREPROCESSOR_DEFINITIONS = (
					"DEBUG=1",
					"$(inherited)",
				);
				GCC_WARN_64_TO_32_BIT_CONVERSION = YES;
				GCC_WARN_ABOUT_RETURN_TYPE = YES_ERROR;
				GCC_WARN_UNDECLARED_SELECTOR = YES;
				GCC_WARN_UNINITIALIZED_AUTOS = YES_AGGRESSIVE;
				GCC_WARN_UNUSED_FUNCTION = YES;
				GCC_WARN_UNUSED_VARIABLE = YES;
				IPHONEOS_DEPLOYMENT_TARGET = 9.1;
				MTL_ENABLE_DEBUG_INFO = YES;
				ONLY_ACTIVE_ARCH = YES;
				SDKROOT = iphoneos;
			};
			name = Debug;
		};
		CCFA0FAE1C11ADCE00EAF430 /* Release */ = {
			isa = XCBuildConfiguration;
			buildSettings = {
				ALWAYS_SEARCH_USER_PATHS = NO;
				CLANG_CXX_LANGUAGE_STANDARD = "gnu++0x";
				CLANG_CXX_LIBRARY = "libc++";
				CLANG_ENABLE_MODULES = YES;
				CLANG_ENABLE_OBJC_ARC = YES;
				CLANG_WARN_BOOL_CONVERSION = YES;
				CLANG_WARN_CONSTANT_CONVERSION = YES;
				CLANG_WARN_DIRECT_OBJC_ISA_USAGE = YES_ERROR;
				CLANG_WARN_EMPTY_BODY = YES;
				CLANG_WARN_ENUM_CONVERSION = YES;
				CLANG_WARN_INT_CONVERSION = YES;
				CLANG_WARN_OBJC_ROOT_CLASS = YES_ERROR;
				CLANG_WARN_UNREACHABLE_CODE = YES;
				CLANG_WARN__DUPLICATE_METHOD_MATCH = YES;
				"CODE_SIGN_IDENTITY[sdk=iphoneos*]" = "iPhone Developer";
				COPY_PHASE_STRIP = NO;
				DEBUG_INFORMATION_FORMAT = "dwarf-with-dsym";
				ENABLE_NS_ASSERTIONS = NO;
				ENABLE_STRICT_OBJC_MSGSEND = YES;
				GCC_C_LANGUAGE_STANDARD = gnu99;
				GCC_NO_COMMON_BLOCKS = YES;
				GCC_PRECOMPILE_PREFIX_HEADER = YES;
				GCC_WARN_64_TO_32_BIT_CONVERSION = YES;
				GCC_WARN_ABOUT_RETURN_TYPE = YES_ERROR;
				GCC_WARN_UNDECLARED_SELECTOR = YES;
				GCC_WARN_UNINITIALIZED_AUTOS = YES_AGGRESSIVE;
				GCC_WARN_UNUSED_FUNCTION = YES;
				GCC_WARN_UNUSED_VARIABLE = YES;
				IPHONEOS_DEPLOYMENT_TARGET = 9.1;
				MTL_ENABLE_DEBUG_INFO = NO;
				SDKROOT = iphoneos;
				VALIDATE_PRODUCT = YES;
			};
			name = Release;
		};
		CCFA0FB01C11ADCE00EAF430 /* Debug */ = {
			isa = XCBuildConfiguration;
			buildSettings = {
				ASSETCATALOG_COMPILER_APPICON_NAME = AppIcon;
				ASSETCATALOG_COMPILER_LAUNCHIMAGE_NAME = "Brand Assets";
				GCC_PRECOMPILE_PREFIX_HEADER = YES;
				GCC_PREFIX_HEADER = "/Users/Youngfev/Documents/ObjectiveC/微博项目/PrefixHeader.pch";
				INFOPLIST_FILE = "微博项目/Info.plist";
				IPHONEOS_DEPLOYMENT_TARGET = 9.1;
				LD_RUNPATH_SEARCH_PATHS = "$(inherited) @executable_path/Frameworks";
				PRODUCT_BUNDLE_IDENTIFIER = "Youngfev.----";
				PRODUCT_NAME = "$(TARGET_NAME)";
			};
			name = Debug;
		};
		CCFA0FB11C11ADCE00EAF430 /* Release */ = {
			isa = XCBuildConfiguration;
			buildSettings = {
				ASSETCATALOG_COMPILER_APPICON_NAME = AppIcon;
				ASSETCATALOG_COMPILER_LAUNCHIMAGE_NAME = "Brand Assets";
				GCC_PRECOMPILE_PREFIX_HEADER = YES;
				GCC_PREFIX_HEADER = "/Users/Youngfev/Documents/ObjectiveC/微博项目/PrefixHeader.pch";
				INFOPLIST_FILE = "微博项目/Info.plist";
				IPHONEOS_DEPLOYMENT_TARGET = 9.1;
				LD_RUNPATH_SEARCH_PATHS = "$(inherited) @executable_path/Frameworks";
				PRODUCT_BUNDLE_IDENTIFIER = "Youngfev.----";
				PRODUCT_NAME = "$(TARGET_NAME)";
			};
			name = Release;
		};
		CCFA0FB31C11ADCE00EAF430 /* Debug */ = {
			isa = XCBuildConfiguration;
			buildSettings = {
				BUNDLE_LOADER = "$(TEST_HOST)";
				INFOPLIST_FILE = "微博项目Tests/Info.plist";
				IPHONEOS_DEPLOYMENT_TARGET = 9.1;
				LD_RUNPATH_SEARCH_PATHS = "$(inherited) @executable_path/Frameworks @loader_path/Frameworks";
				PRODUCT_BUNDLE_IDENTIFIER = "Youngfev.----Tests";
				PRODUCT_NAME = "$(TARGET_NAME)";
				TEST_HOST = "$(BUILT_PRODUCTS_DIR)/微博项目.app/微博项目";
			};
			name = Debug;
		};
		CCFA0FB41C11ADCE00EAF430 /* Release */ = {
			isa = XCBuildConfiguration;
			buildSettings = {
				BUNDLE_LOADER = "$(TEST_HOST)";
				INFOPLIST_FILE = "微博项目Tests/Info.plist";
				IPHONEOS_DEPLOYMENT_TARGET = 9.1;
				LD_RUNPATH_SEARCH_PATHS = "$(inherited) @executable_path/Frameworks @loader_path/Frameworks";
				PRODUCT_BUNDLE_IDENTIFIER = "Youngfev.----Tests";
				PRODUCT_NAME = "$(TARGET_NAME)";
				TEST_HOST = "$(BUILT_PRODUCTS_DIR)/微博项目.app/微博项目";
			};
			name = Release;
		};
		CCFA0FB61C11ADCE00EAF430 /* Debug */ = {
			isa = XCBuildConfiguration;
			buildSettings = {
				INFOPLIST_FILE = "微博项目UITests/Info.plist";
				LD_RUNPATH_SEARCH_PATHS = "$(inherited) @executable_path/Frameworks @loader_path/Frameworks";
				PRODUCT_BUNDLE_IDENTIFIER = "Youngfev.----UITests";
				PRODUCT_NAME = "$(TARGET_NAME)";
				TEST_TARGET_NAME = "微博项目";
				USES_XCTRUNNER = YES;
			};
			name = Debug;
		};
		CCFA0FB71C11ADCE00EAF430 /* Release */ = {
			isa = XCBuildConfiguration;
			buildSettings = {
				INFOPLIST_FILE = "微博项目UITests/Info.plist";
				LD_RUNPATH_SEARCH_PATHS = "$(inherited) @executable_path/Frameworks @loader_path/Frameworks";
				PRODUCT_BUNDLE_IDENTIFIER = "Youngfev.----UITests";
				PRODUCT_NAME = "$(TARGET_NAME)";
				TEST_TARGET_NAME = "微博项目";
				USES_XCTRUNNER = YES;
			};
			name = Release;
		};
/* End XCBuildConfiguration section */

/* Begin XCConfigurationList section */
		CCFA0F7D1C11ADCE00EAF430 /* Build configuration list for PBXProject "微博项目" */ = {
			isa = XCConfigurationList;
			buildConfigurations = (
				CCFA0FAD1C11ADCE00EAF430 /* Debug */,
				CCFA0FAE1C11ADCE00EAF430 /* Release */,
			);
			defaultConfigurationIsVisible = 0;
			defaultConfigurationName = Release;
		};
		CCFA0FAF1C11ADCE00EAF430 /* Build configuration list for PBXNativeTarget "微博项目" */ = {
			isa = XCConfigurationList;
			buildConfigurations = (
				CCFA0FB01C11ADCE00EAF430 /* Debug */,
				CCFA0FB11C11ADCE00EAF430 /* Release */,
			);
			defaultConfigurationIsVisible = 0;
			defaultConfigurationName = Release;
		};
		CCFA0FB21C11ADCE00EAF430 /* Build configuration list for PBXNativeTarget "微博项目Tests" */ = {
			isa = XCConfigurationList;
			buildConfigurations = (
				CCFA0FB31C11ADCE00EAF430 /* Debug */,
				CCFA0FB41C11ADCE00EAF430 /* Release */,
			);
			defaultConfigurationIsVisible = 0;
			defaultConfigurationName = Release;
		};
		CCFA0FB51C11ADCE00EAF430 /* Build configuration list for PBXNativeTarget "微博项目UITests" */ = {
			isa = XCConfigurationList;
			buildConfigurations = (
				CCFA0FB61C11ADCE00EAF430 /* Debug */,
				CCFA0FB71C11ADCE00EAF430 /* Release */,
			);
			defaultConfigurationIsVisible = 0;
			defaultConfigurationName = Release;
		};
/* End XCConfigurationList section */
	};
	rootObject = CCFA0F7A1C11ADCE00EAF430 /* Project object */;
}
