// !$*UTF8*$!
{
	archiveVersion = 1;
	classes = {
	};
	objectVersion = 46;
	objects = {

/* Begin PBXBuildFile section */
		CC00C26F1C1A89EF00CB51D0 /* HWIconView.m in Sources */ = {isa = PBXBuildFile; fileRef = CC00C26E1C1A89EF00CB51D0 /* HWIconView.m */; };
		CC67627E1C15D56800049853 /* MKAnnotationView+WebCache.m in Sources */ = {isa = PBXBuildFile; fileRef = CC67625E1C15D56800049853 /* MKAnnotationView+WebCache.m */; };
		CC67627F1C15D56800049853 /* NSData+ImageContentType.m in Sources */ = {isa = PBXBuildFile; fileRef = CC6762601C15D56800049853 /* NSData+ImageContentType.m */; };
		CC6762801C15D56800049853 /* SDImageCache.m in Sources */ = {isa = PBXBuildFile; fileRef = CC6762621C15D56800049853 /* SDImageCache.m */; };
		CC6762811C15D56800049853 /* SDWebImageCompat.m in Sources */ = {isa = PBXBuildFile; fileRef = CC6762641C15D56800049853 /* SDWebImageCompat.m */; };
		CC6762821C15D56800049853 /* SDWebImageDecoder.m in Sources */ = {isa = PBXBuildFile; fileRef = CC6762661C15D56800049853 /* SDWebImageDecoder.m */; };
		CC6762831C15D56800049853 /* SDWebImageDownloader.m in Sources */ = {isa = PBXBuildFile; fileRef = CC6762681C15D56800049853 /* SDWebImageDownloader.m */; };
		CC6762841C15D56800049853 /* SDWebImageDownloaderOperation.m in Sources */ = {isa = PBXBuildFile; fileRef = CC67626A1C15D56800049853 /* SDWebImageDownloaderOperation.m */; };
		CC6762851C15D56800049853 /* SDWebImageManager.m in Sources */ = {isa = PBXBuildFile; fileRef = CC67626C1C15D56800049853 /* SDWebImageManager.m */; };
		CC6762861C15D56800049853 /* SDWebImagePrefetcher.m in Sources */ = {isa = PBXBuildFile; fileRef = CC67626F1C15D56800049853 /* SDWebImagePrefetcher.m */; };
		CC6762871C15D56800049853 /* UIButton+WebCache.m in Sources */ = {isa = PBXBuildFile; fileRef = CC6762711C15D56800049853 /* UIButton+WebCache.m */; };
		CC6762881C15D56800049853 /* UIImage+GIF.m in Sources */ = {isa = PBXBuildFile; fileRef = CC6762731C15D56800049853 /* UIImage+GIF.m */; };
		CC6762891C15D56800049853 /* UIImage+MultiFormat.m in Sources */ = {isa = PBXBuildFile; fileRef = CC6762751C15D56800049853 /* UIImage+MultiFormat.m */; };
		CC67628A1C15D56800049853 /* UIImage+WebP.m in Sources */ = {isa = PBXBuildFile; fileRef = CC6762771C15D56800049853 /* UIImage+WebP.m */; };
		CC67628B1C15D56800049853 /* UIImageView+HighlightedWebCache.m in Sources */ = {isa = PBXBuildFile; fileRef = CC6762791C15D56800049853 /* UIImageView+HighlightedWebCache.m */; };
		CC67628C1C15D56800049853 /* UIImageView+WebCache.m in Sources */ = {isa = PBXBuildFile; fileRef = CC67627B1C15D56800049853 /* UIImageView+WebCache.m */; };
		CC67628D1C15D56800049853 /* UIView+WebCacheOperation.m in Sources */ = {isa = PBXBuildFile; fileRef = CC67627D1C15D56800049853 /* UIView+WebCacheOperation.m */; };
		CC6A32FD1C12C4F5000E682F /* HWDiscoverViewController.m in Sources */ = {isa = PBXBuildFile; fileRef = CC6A32D91C12C4F5000E682F /* HWDiscoverViewController.m */; };
		CC6A32FE1C12C4F5000E682F /* HWHomeViewController.m in Sources */ = {isa = PBXBuildFile; fileRef = CC6A32DF1C12C4F5000E682F /* HWHomeViewController.m */; };
		CC6A32FF1C12C4F5000E682F /* UIView+HWExtension.m in Sources */ = {isa = PBXBuildFile; fileRef = CC6A32E51C12C4F5000E682F /* UIView+HWExtension.m */; };
		CC6A33001C12C4F5000E682F /* HWTabbarViewController.m in Sources */ = {isa = PBXBuildFile; fileRef = CC6A32E81C12C4F5000E682F /* HWTabbarViewController.m */; };
		CC6A33011C12C4F5000E682F /* AppDelegate.m in Sources */ = {isa = PBXBuildFile; fileRef = CC6A32ED1C12C4F5000E682F /* AppDelegate.m */; };
		CC6A33021C12C4F5000E682F /* main.m in Sources */ = {isa = PBXBuildFile; fileRef = CC6A32EE1C12C4F5000E682F /* main.m */; };
		CC6A33031C12C4F5000E682F /* HWMessageCenterViewController.m in Sources */ = {isa = PBXBuildFile; fileRef = CC6A32F31C12C4F5000E682F /* HWMessageCenterViewController.m */; };
		CC6A33041C12C4F5000E682F /* HWProfileViewController.m in Sources */ = {isa = PBXBuildFile; fileRef = CC6A32FA1C12C4F5000E682F /* HWProfileViewController.m */; };
		CC6A33071C12CCFC000E682F /* UIBarButtonItem+Extension.m in Sources */ = {isa = PBXBuildFile; fileRef = CC6A33061C12CCFC000E682F /* UIBarButtonItem+Extension.m */; };
		CC6A330A1C12D2DD000E682F /* HWNavigationController.m in Sources */ = {isa = PBXBuildFile; fileRef = CC6A33091C12D2DD000E682F /* HWNavigationController.m */; };
		CC6A330E1C12DE82000E682F /* HWTestViewController.m in Sources */ = {isa = PBXBuildFile; fileRef = CC6A330C1C12DE82000E682F /* HWTestViewController.m */; };
		CC6A330F1C12DE82000E682F /* HWTestViewController.xib in Resources */ = {isa = PBXBuildFile; fileRef = CC6A330D1C12DE82000E682F /* HWTestViewController.xib */; };
		CC6A33121C12FCCA000E682F /* HWSearchBar.m in Sources */ = {isa = PBXBuildFile; fileRef = CC6A33111C12FCCA000E682F /* HWSearchBar.m */; };
		CC6A33151C1331F6000E682F /* HWDropMenu.m in Sources */ = {isa = PBXBuildFile; fileRef = CC6A33141C1331F6000E682F /* HWDropMenu.m */; };
		CC6CE7431C17EE71009B7787 /* HWStatusFrame.m in Sources */ = {isa = PBXBuildFile; fileRef = CC6CE7421C17EE71009B7787 /* HWStatusFrame.m */; };
		CC6CE7461C1810DD009B7787 /* HWPhoto.m in Sources */ = {isa = PBXBuildFile; fileRef = CC6CE7451C1810DD009B7787 /* HWPhoto.m */; };
		CC8A6B0A1C1B0229006D179E /* HWComposeController.m in Sources */ = {isa = PBXBuildFile; fileRef = CC8A6B091C1B0229006D179E /* HWComposeController.m */; };
		CC93ED271C17DFCB0018B6C8 /* HWStatusCell.m in Sources */ = {isa = PBXBuildFile; fileRef = CC93ED261C17DFCB0018B6C8 /* HWStatusCell.m */; };
		CCA7A6241C15368F005517A1 /* AFHTTPRequestOperation.m in Sources */ = {isa = PBXBuildFile; fileRef = CCA7A6121C15368F005517A1 /* AFHTTPRequestOperation.m */; };
		CCA7A6251C15368F005517A1 /* AFHTTPRequestOperationManager.m in Sources */ = {isa = PBXBuildFile; fileRef = CCA7A6141C15368F005517A1 /* AFHTTPRequestOperationManager.m */; };
		CCA7A6261C15368F005517A1 /* AFHTTPSessionManager.m in Sources */ = {isa = PBXBuildFile; fileRef = CCA7A6161C15368F005517A1 /* AFHTTPSessionManager.m */; };
		CCA7A6271C15368F005517A1 /* AFNetworkReachabilityManager.m in Sources */ = {isa = PBXBuildFile; fileRef = CCA7A6191C15368F005517A1 /* AFNetworkReachabilityManager.m */; };
		CCA7A6281C15368F005517A1 /* AFSecurityPolicy.m in Sources */ = {isa = PBXBuildFile; fileRef = CCA7A61B1C15368F005517A1 /* AFSecurityPolicy.m */; };
		CCA7A6291C15368F005517A1 /* AFURLConnectionOperation.m in Sources */ = {isa = PBXBuildFile; fileRef = CCA7A61D1C15368F005517A1 /* AFURLConnectionOperation.m */; };
		CCA7A62A1C15368F005517A1 /* AFURLRequestSerialization.m in Sources */ = {isa = PBXBuildFile; fileRef = CCA7A61F1C15368F005517A1 /* AFURLRequestSerialization.m */; };
		CCA7A62B1C15368F005517A1 /* AFURLResponseSerialization.m in Sources */ = {isa = PBXBuildFile; fileRef = CCA7A6211C15368F005517A1 /* AFURLResponseSerialization.m */; };
		CCA7A62C1C15368F005517A1 /* AFURLSessionManager.m in Sources */ = {isa = PBXBuildFile; fileRef = CCA7A6231C15368F005517A1 /* AFURLSessionManager.m */; };
		CCA7A6301C157370005517A1 /* HWAccount.m in Sources */ = {isa = PBXBuildFile; fileRef = CCA7A62F1C157370005517A1 /* HWAccount.m */; };
		CCA7A6371C157F53005517A1 /* MBProgressHUD+MJ.m in Sources */ = {isa = PBXBuildFile; fileRef = CCA7A6331C157F53005517A1 /* MBProgressHUD+MJ.m */; };
		CCA7A6381C157F53005517A1 /* MBProgressHUD.bundle in Resources */ = {isa = PBXBuildFile; fileRef = CCA7A6341C157F53005517A1 /* MBProgressHUD.bundle */; };
		CCA7A6391C157F53005517A1 /* MBProgressHUD.m in Sources */ = {isa = PBXBuildFile; fileRef = CCA7A6361C157F53005517A1 /* MBProgressHUD.m */; };
		CCA7A63D1C158278005517A1 /* HWAccountTool.m in Sources */ = {isa = PBXBuildFile; fileRef = CCA7A63C1C158278005517A1 /* HWAccountTool.m */; };
		CCA7A63F1C159A05005517A1 /* Foundation+Log.m in Sources */ = {isa = PBXBuildFile; fileRef = CCA7A63E1C159A05005517A1 /* Foundation+Log.m */; };
		CCA7A6421C15B046005517A1 /* HWTitleButton.m in Sources */ = {isa = PBXBuildFile; fileRef = CCA7A6411C15B046005517A1 /* HWTitleButton.m */; };
		CCCEDF531C1404A9000144E6 /* HWTabBar.m in Sources */ = {isa = PBXBuildFile; fileRef = CCCEDF521C1404A9000144E6 /* HWTabBar.m */; };
		CCCEDF581C142FF7000144E6 /* HWNewFeatureController.m in Sources */ = {isa = PBXBuildFile; fileRef = CCCEDF571C142FF7000144E6 /* HWNewFeatureController.m */; };
		CCCEDF5D1C148B5C000144E6 /* HWOAuthController.m in Sources */ = {isa = PBXBuildFile; fileRef = CCCEDF5C1C148B5C000144E6 /* HWOAuthController.m */; };
		CCCF9A591C191E550001D07C /* HWStatusToolbar.m in Sources */ = {isa = PBXBuildFile; fileRef = CCCF9A581C191E550001D07C /* HWStatusToolbar.m */; };
		CCCF9A5F1C1985FF0001D07C /* NSString+Extension.m in Sources */ = {isa = PBXBuildFile; fileRef = CCCF9A5E1C1985FF0001D07C /* NSString+Extension.m */; };
		CCCF9A621C199F400001D07C /* NSDate+Extension.m in Sources */ = {isa = PBXBuildFile; fileRef = CCCF9A611C199F400001D07C /* NSDate+Extension.m */; };
		CCCF9A651C199F890001D07C /* HWStatusPhotosView.m in Sources */ = {isa = PBXBuildFile; fileRef = CCCF9A641C199F890001D07C /* HWStatusPhotosView.m */; };
		CCCF9A6B1C19BB050001D07C /* HWStatusPhotoView.m in Sources */ = {isa = PBXBuildFile; fileRef = CCCF9A6A1C19BB050001D07C /* HWStatusPhotoView.m */; };
		CCEA3E8D1C1BCC4E0074C757 /* HWTextView.m in Sources */ = {isa = PBXBuildFile; fileRef = CCEA3E8C1C1BCC4E0074C757 /* HWTextView.m */; };
		CCFA0F921C11ADCE00EAF430 /* Assets.xcassets in Resources */ = {isa = PBXBuildFile; fileRef = CCFA0F911C11ADCE00EAF430 /* Assets.xcassets */; };
		CCFA0FA01C11ADCE00EAF430 /* ____Tests.m in Sources */ = {isa = PBXBuildFile; fileRef = CCFA0F9F1C11ADCE00EAF430 /* ____Tests.m */; };
		CCFA0FAB1C11ADCE00EAF430 /* ____UITests.m in Sources */ = {isa = PBXBuildFile; fileRef = CCFA0FAA1C11ADCE00EAF430 /* ____UITests.m */; };
		CCFA48921C16794800C8AA2A /* HWUser.m in Sources */ = {isa = PBXBuildFile; fileRef = CCFA48911C16794800C8AA2A /* HWUser.m */; };
		CCFA48951C167A5900C8AA2A /* HWStatus.m in Sources */ = {isa = PBXBuildFile; fileRef = CCFA48941C167A5900C8AA2A /* HWStatus.m */; };
		CCFA48AE1C16804600C8AA2A /* MJDictionaryCache.m in Sources */ = {isa = PBXBuildFile; fileRef = CCFA48981C16804600C8AA2A /* MJDictionaryCache.m */; };
		CCFA48AF1C16804600C8AA2A /* MJExtensionConst.m in Sources */ = {isa = PBXBuildFile; fileRef = CCFA489B1C16804600C8AA2A /* MJExtensionConst.m */; };
		CCFA48B01C16804600C8AA2A /* MJFoundation.m in Sources */ = {isa = PBXBuildFile; fileRef = CCFA489D1C16804600C8AA2A /* MJFoundation.m */; };
		CCFA48B11C16804600C8AA2A /* MJProperty.m in Sources */ = {isa = PBXBuildFile; fileRef = CCFA489F1C16804600C8AA2A /* MJProperty.m */; };
		CCFA48B21C16804600C8AA2A /* MJPropertyKey.m in Sources */ = {isa = PBXBuildFile; fileRef = CCFA48A11C16804600C8AA2A /* MJPropertyKey.m */; };
		CCFA48B31C16804600C8AA2A /* MJPropertyType.m in Sources */ = {isa = PBXBuildFile; fileRef = CCFA48A31C16804600C8AA2A /* MJPropertyType.m */; };
		CCFA48B41C16804600C8AA2A /* NSObject+MJClass.m in Sources */ = {isa = PBXBuildFile; fileRef = CCFA48A51C16804600C8AA2A /* NSObject+MJClass.m */; };
		CCFA48B51C16804600C8AA2A /* NSObject+MJCoding.m in Sources */ = {isa = PBXBuildFile; fileRef = CCFA48A71C16804600C8AA2A /* NSObject+MJCoding.m */; };
		CCFA48B61C16804600C8AA2A /* NSObject+MJKeyValue.m in Sources */ = {isa = PBXBuildFile; fileRef = CCFA48A91C16804600C8AA2A /* NSObject+MJKeyValue.m */; };
		CCFA48B71C16804600C8AA2A /* NSObject+MJProperty.m in Sources */ = {isa = PBXBuildFile; fileRef = CCFA48AB1C16804600C8AA2A /* NSObject+MJProperty.m */; };
		CCFA48B81C16804600C8AA2A /* NSString+MJExtension.m in Sources */ = {isa = PBXBuildFile; fileRef = CCFA48AD1C16804600C8AA2A /* NSString+MJExtension.m */; };
		CCFA48BB1C16AAC500C8AA2A /* HWLoadMoreFooter.m in Sources */ = {isa = PBXBuildFile; fileRef = CCFA48BA1C16AAC500C8AA2A /* HWLoadMoreFooter.m */; };
		CCFA48BD1C16AAE100C8AA2A /* loadMoreFooter.xib in Resources */ = {isa = PBXBuildFile; fileRef = CCFA48BC1C16AAE100C8AA2A /* loadMoreFooter.xib */; };
/* End PBXBuildFile section */

/* Begin PBXContainerItemProxy section */
		CCFA0F9C1C11ADCE00EAF430 /* PBXContainerItemProxy */ = {
			isa = PBXContainerItemProxy;
			containerPortal = CCFA0F7A1C11ADCE00EAF430 /* Project object */;
			proxyType = 1;
			remoteGlobalIDString = CCFA0F811C11ADCE00EAF430;
			remoteInfo = "微博项目";
		};
		CCFA0FA71C11ADCE00EAF430 /* PBXContainerItemProxy */ = {
			isa = PBXContainerItemProxy;
			containerPortal = CCFA0F7A1C11ADCE00EAF430 /* Project object */;
			proxyType = 1;
			remoteGlobalIDString = CCFA0F811C11ADCE00EAF430;
			remoteInfo = "微博项目";
		};
/* End PBXContainerItemProxy section */

/* Begin PBXFileReference section */
		CC00C26D1C1A89EF00CB51D0 /* HWIconView.h */ = {isa = PBXFileReference; fileEncoding = 4; lastKnownFileType = sourcecode.c.h; path = HWIconView.h; sourceTree = "<group>"; };
		CC00C26E1C1A89EF00CB51D0 /* HWIconView.m */ = {isa = PBXFileReference; fileEncoding = 4; lastKnownFileType = sourcecode.c.objc; path = HWIconView.m; sourceTree = "<group>"; };
		CC67625D1C15D56800049853 /* MKAnnotationView+WebCache.h */ = {isa = PBXFileReference; fileEncoding = 4; lastKnownFileType = sourcecode.c.h; path = "MKAnnotationView+WebCache.h"; sourceTree = "<group>"; };
		CC67625E1C15D56800049853 /* MKAnnotationView+WebCache.m */ = {isa = PBXFileReference; fileEncoding = 4; lastKnownFileType = sourcecode.c.objc; path = "MKAnnotationView+WebCache.m"; sourceTree = "<group>"; };
		CC67625F1C15D56800049853 /* NSData+ImageContentType.h */ = {isa = PBXFileReference; fileEncoding = 4; lastKnownFileType = sourcecode.c.h; path = "NSData+ImageContentType.h"; sourceTree = "<group>"; };
		CC6762601C15D56800049853 /* NSData+ImageContentType.m */ = {isa = PBXFileReference; fileEncoding = 4; lastKnownFileType = sourcecode.c.objc; path = "NSData+ImageContentType.m"; sourceTree = "<group>"; };
		CC6762611C15D56800049853 /* SDImageCache.h */ = {isa = PBXFileReference; fileEncoding = 4; lastKnownFileType = sourcecode.c.h; path = SDImageCache.h; sourceTree = "<group>"; };
		CC6762621C15D56800049853 /* SDImageCache.m */ = {isa = PBXFileReference; fileEncoding = 4; lastKnownFileType = sourcecode.c.objc; path = SDImageCache.m; sourceTree = "<group>"; };
		CC6762631C15D56800049853 /* SDWebImageCompat.h */ = {isa = PBXFileReference; fileEncoding = 4; lastKnownFileType = sourcecode.c.h; path = SDWebImageCompat.h; sourceTree = "<group>"; };
		CC6762641C15D56800049853 /* SDWebImageCompat.m */ = {isa = PBXFileReference; fileEncoding = 4; lastKnownFileType = sourcecode.c.objc; path = SDWebImageCompat.m; sourceTree = "<group>"; };
		CC6762651C15D56800049853 /* SDWebImageDecoder.h */ = {isa = PBXFileReference; fileEncoding = 4; lastKnownFileType = sourcecode.c.h; path = SDWebImageDecoder.h; sourceTree = "<group>"; };
		CC6762661C15D56800049853 /* SDWebImageDecoder.m */ = {isa = PBXFileReference; fileEncoding = 4; lastKnownFileType = sourcecode.c.objc; path = SDWebImageDecoder.m; sourceTree = "<group>"; };
		CC6762671C15D56800049853 /* SDWebImageDownloader.h */ = {isa = PBXFileReference; fileEncoding = 4; lastKnownFileType = sourcecode.c.h; path = SDWebImageDownloader.h; sourceTree = "<group>"; };
		CC6762681C15D56800049853 /* SDWebImageDownloader.m */ = {isa = PBXFileReference; fileEncoding = 4; lastKnownFileType = sourcecode.c.objc; path = SDWebImageDownloader.m; sourceTree = "<group>"; };
		CC6762691C15D56800049853 /* SDWebImageDownloaderOperation.h */ = {isa = PBXFileReference; fileEncoding = 4; lastKnownFileType = sourcecode.c.h; path = SDWebImageDownloaderOperation.h; sourceTree = "<group>"; };
		CC67626A1C15D56800049853 /* SDWebImageDownloaderOperation.m */ = {isa = PBXFileReference; fileEncoding = 4; lastKnownFileType = sourcecode.c.objc; path = SDWebImageDownloaderOperation.m; sourceTree = "<group>"; };
		CC67626B1C15D56800049853 /* SDWebImageManager.h */ = {isa = PBXFileReference; fileEncoding = 4; lastKnownFileType = sourcecode.c.h; path = SDWebImageManager.h; sourceTree = "<group>"; };
		CC67626C1C15D56800049853 /* SDWebImageManager.m */ = {isa = PBXFileReference; fileEncoding = 4; lastKnownFileType = sourcecode.c.objc; path = SDWebImageManager.m; sourceTree = "<group>"; };
		CC67626D1C15D56800049853 /* SDWebImageOperation.h */ = {isa = PBXFileReference; fileEncoding = 4; lastKnownFileType = sourcecode.c.h; path = SDWebImageOperation.h; sourceTree = "<group>"; };
		CC67626E1C15D56800049853 /* SDWebImagePrefetcher.h */ = {isa = PBXFileReference; fileEncoding = 4; lastKnownFileType = sourcecode.c.h; path = SDWebImagePrefetcher.h; sourceTree = "<group>"; };
		CC67626F1C15D56800049853 /* SDWebImagePrefetcher.m */ = {isa = PBXFileReference; fileEncoding = 4; lastKnownFileType = sourcecode.c.objc; path = SDWebImagePrefetcher.m; sourceTree = "<group>"; };
		CC6762701C15D56800049853 /* UIButton+WebCache.h */ = {isa = PBXFileReference; fileEncoding = 4; lastKnownFileType = sourcecode.c.h; path = "UIButton+WebCache.h"; sourceTree = "<group>"; };
		CC6762711C15D56800049853 /* UIButton+WebCache.m */ = {isa = PBXFileReference; fileEncoding = 4; lastKnownFileType = sourcecode.c.objc; path = "UIButton+WebCache.m"; sourceTree = "<group>"; };
		CC6762721C15D56800049853 /* UIImage+GIF.h */ = {isa = PBXFileReference; fileEncoding = 4; lastKnownFileType = sourcecode.c.h; path = "UIImage+GIF.h"; sourceTree = "<group>"; };
		CC6762731C15D56800049853 /* UIImage+GIF.m */ = {isa = PBXFileReference; fileEncoding = 4; lastKnownFileType = sourcecode.c.objc; path = "UIImage+GIF.m"; sourceTree = "<group>"; };
		CC6762741C15D56800049853 /* UIImage+MultiFormat.h */ = {isa = PBXFileReference; fileEncoding = 4; lastKnownFileType = sourcecode.c.h; path = "UIImage+MultiFormat.h"; sourceTree = "<group>"; };
		CC6762751C15D56800049853 /* UIImage+MultiFormat.m */ = {isa = PBXFileReference; fileEncoding = 4; lastKnownFileType = sourcecode.c.objc; path = "UIImage+MultiFormat.m"; sourceTree = "<group>"; };
		CC6762761C15D56800049853 /* UIImage+WebP.h */ = {isa = PBXFileReference; fileEncoding = 4; lastKnownFileType = sourcecode.c.h; path = "UIImage+WebP.h"; sourceTree = "<group>"; };
		CC6762771C15D56800049853 /* UIImage+WebP.m */ = {isa = PBXFileReference; fileEncoding = 4; lastKnownFileType = sourcecode.c.objc; path = "UIImage+WebP.m"; sourceTree = "<group>"; };
		CC6762781C15D56800049853 /* UIImageView+HighlightedWebCache.h */ = {isa = PBXFileReference; fileEncoding = 4; lastKnownFileType = sourcecode.c.h; path = "UIImageView+HighlightedWebCache.h"; sourceTree = "<group>"; };
		CC6762791C15D56800049853 /* UIImageView+HighlightedWebCache.m */ = {isa = PBXFileReference; fileEncoding = 4; lastKnownFileType = sourcecode.c.objc; path = "UIImageView+HighlightedWebCache.m"; sourceTree = "<group>"; };
		CC67627A1C15D56800049853 /* UIImageView+WebCache.h */ = {isa = PBXFileReference; fileEncoding = 4; lastKnownFileType = sourcecode.c.h; path = "UIImageView+WebCache.h"; sourceTree = "<group>"; };
		CC67627B1C15D56800049853 /* UIImageView+WebCache.m */ = {isa = PBXFileReference; fileEncoding = 4; lastKnownFileType = sourcecode.c.objc; path = "UIImageView+WebCache.m"; sourceTree = "<group>"; };
		CC67627C1C15D56800049853 /* UIView+WebCacheOperation.h */ = {isa = PBXFileReference; fileEncoding = 4; lastKnownFileType = sourcecode.c.h; path = "UIView+WebCacheOperation.h"; sourceTree = "<group>"; };
		CC67627D1C15D56800049853 /* UIView+WebCacheOperation.m */ = {isa = PBXFileReference; fileEncoding = 4; lastKnownFileType = sourcecode.c.objc; path = "UIView+WebCacheOperation.m"; sourceTree = "<group>"; };
		CC6A32D81C12C4F5000E682F /* HWDiscoverViewController.h */ = {isa = PBXFileReference; fileEncoding = 4; lastKnownFileType = sourcecode.c.h; path = HWDiscoverViewController.h; sourceTree = "<group>"; };
		CC6A32D91C12C4F5000E682F /* HWDiscoverViewController.m */ = {isa = PBXFileReference; fileEncoding = 4; lastKnownFileType = sourcecode.c.objc; path = HWDiscoverViewController.m; sourceTree = "<group>"; };
		CC6A32DE1C12C4F5000E682F /* HWHomeViewController.h */ = {isa = PBXFileReference; fileEncoding = 4; lastKnownFileType = sourcecode.c.h; path = HWHomeViewController.h; sourceTree = "<group>"; };
		CC6A32DF1C12C4F5000E682F /* HWHomeViewController.m */ = {isa = PBXFileReference; fileEncoding = 4; lastKnownFileType = sourcecode.c.objc; path = HWHomeViewController.m; sourceTree = "<group>"; };
		CC6A32E41C12C4F5000E682F /* UIView+HWExtension.h */ = {isa = PBXFileReference; fileEncoding = 4; lastKnownFileType = sourcecode.c.h; path = "UIView+HWExtension.h"; sourceTree = "<group>"; };
		CC6A32E51C12C4F5000E682F /* UIView+HWExtension.m */ = {isa = PBXFileReference; fileEncoding = 4; lastKnownFileType = sourcecode.c.objc; path = "UIView+HWExtension.m"; sourceTree = "<group>"; };
		CC6A32E71C12C4F5000E682F /* HWTabbarViewController.h */ = {isa = PBXFileReference; fileEncoding = 4; lastKnownFileType = sourcecode.c.h; path = HWTabbarViewController.h; sourceTree = "<group>"; };
		CC6A32E81C12C4F5000E682F /* HWTabbarViewController.m */ = {isa = PBXFileReference; fileEncoding = 4; lastKnownFileType = sourcecode.c.objc; path = HWTabbarViewController.m; sourceTree = "<group>"; };
		CC6A32EC1C12C4F5000E682F /* AppDelegate.h */ = {isa = PBXFileReference; fileEncoding = 4; lastKnownFileType = sourcecode.c.h; path = AppDelegate.h; sourceTree = "<group>"; };
		CC6A32ED1C12C4F5000E682F /* AppDelegate.m */ = {isa = PBXFileReference; fileEncoding = 4; lastKnownFileType = sourcecode.c.objc; path = AppDelegate.m; sourceTree = "<group>"; };
		CC6A32EE1C12C4F5000E682F /* main.m */ = {isa = PBXFileReference; fileEncoding = 4; lastKnownFileType = sourcecode.c.objc; path = main.m; sourceTree = "<group>"; };
		CC6A32F21C12C4F5000E682F /* HWMessageCenterViewController.h */ = {isa = PBXFileReference; fileEncoding = 4; lastKnownFileType = sourcecode.c.h; path = HWMessageCenterViewController.h; sourceTree = "<group>"; };
		CC6A32F31C12C4F5000E682F /* HWMessageCenterViewController.m */ = {isa = PBXFileReference; fileEncoding = 4; lastKnownFileType = sourcecode.c.objc; path = HWMessageCenterViewController.m; sourceTree = "<group>"; };
		CC6A32F91C12C4F5000E682F /* HWProfileViewController.h */ = {isa = PBXFileReference; fileEncoding = 4; lastKnownFileType = sourcecode.c.h; path = HWProfileViewController.h; sourceTree = "<group>"; };
		CC6A32FA1C12C4F5000E682F /* HWProfileViewController.m */ = {isa = PBXFileReference; fileEncoding = 4; lastKnownFileType = sourcecode.c.objc; path = HWProfileViewController.m; sourceTree = "<group>"; };
		CC6A33051C12CCFC000E682F /* UIBarButtonItem+Extension.h */ = {isa = PBXFileReference; fileEncoding = 4; lastKnownFileType = sourcecode.c.h; path = "UIBarButtonItem+Extension.h"; sourceTree = "<group>"; };
		CC6A33061C12CCFC000E682F /* UIBarButtonItem+Extension.m */ = {isa = PBXFileReference; fileEncoding = 4; lastKnownFileType = sourcecode.c.objc; path = "UIBarButtonItem+Extension.m"; sourceTree = "<group>"; };
		CC6A33081C12D2DD000E682F /* HWNavigationController.h */ = {isa = PBXFileReference; fileEncoding = 4; lastKnownFileType = sourcecode.c.h; path = HWNavigationController.h; sourceTree = "<group>"; };
		CC6A33091C12D2DD000E682F /* HWNavigationController.m */ = {isa = PBXFileReference; fileEncoding = 4; lastKnownFileType = sourcecode.c.objc; path = HWNavigationController.m; sourceTree = "<group>"; };
		CC6A330B1C12DE82000E682F /* HWTestViewController.h */ = {isa = PBXFileReference; fileEncoding = 4; lastKnownFileType = sourcecode.c.h; path = HWTestViewController.h; sourceTree = "<group>"; };
		CC6A330C1C12DE82000E682F /* HWTestViewController.m */ = {isa = PBXFileReference; fileEncoding = 4; lastKnownFileType = sourcecode.c.objc; path = HWTestViewController.m; sourceTree = "<group>"; };
		CC6A330D1C12DE82000E682F /* HWTestViewController.xib */ = {isa = PBXFileReference; fileEncoding = 4; lastKnownFileType = file.xib; path = HWTestViewController.xib; sourceTree = "<group>"; };
		CC6A33101C12FCCA000E682F /* HWSearchBar.h */ = {isa = PBXFileReference; fileEncoding = 4; lastKnownFileType = sourcecode.c.h; path = HWSearchBar.h; sourceTree = "<group>"; };
		CC6A33111C12FCCA000E682F /* HWSearchBar.m */ = {isa = PBXFileReference; fileEncoding = 4; lastKnownFileType = sourcecode.c.objc; path = HWSearchBar.m; sourceTree = "<group>"; };
		CC6A33131C1331F6000E682F /* HWDropMenu.h */ = {isa = PBXFileReference; fileEncoding = 4; lastKnownFileType = sourcecode.c.h; path = HWDropMenu.h; sourceTree = "<group>"; };
		CC6A33141C1331F6000E682F /* HWDropMenu.m */ = {isa = PBXFileReference; fileEncoding = 4; lastKnownFileType = sourcecode.c.objc; path = HWDropMenu.m; sourceTree = "<group>"; };
		CC6CE7411C17EE71009B7787 /* HWStatusFrame.h */ = {isa = PBXFileReference; fileEncoding = 4; lastKnownFileType = sourcecode.c.h; path = HWStatusFrame.h; sourceTree = "<group>"; };
		CC6CE7421C17EE71009B7787 /* HWStatusFrame.m */ = {isa = PBXFileReference; fileEncoding = 4; lastKnownFileType = sourcecode.c.objc; path = HWStatusFrame.m; sourceTree = "<group>"; };
		CC6CE7441C1810DD009B7787 /* HWPhoto.h */ = {isa = PBXFileReference; fileEncoding = 4; lastKnownFileType = sourcecode.c.h; path = HWPhoto.h; sourceTree = "<group>"; };
		CC6CE7451C1810DD009B7787 /* HWPhoto.m */ = {isa = PBXFileReference; fileEncoding = 4; lastKnownFileType = sourcecode.c.objc; path = HWPhoto.m; sourceTree = "<group>"; };
		CC8A6B081C1B0229006D179E /* HWComposeController.h */ = {isa = PBXFileReference; fileEncoding = 4; lastKnownFileType = sourcecode.c.h; path = HWComposeController.h; sourceTree = "<group>"; };
		CC8A6B091C1B0229006D179E /* HWComposeController.m */ = {isa = PBXFileReference; fileEncoding = 4; lastKnownFileType = sourcecode.c.objc; path = HWComposeController.m; sourceTree = "<group>"; };
		CC93ED251C17DFCB0018B6C8 /* HWStatusCell.h */ = {isa = PBXFileReference; fileEncoding = 4; lastKnownFileType = sourcecode.c.h; path = HWStatusCell.h; sourceTree = "<group>"; };
		CC93ED261C17DFCB0018B6C8 /* HWStatusCell.m */ = {isa = PBXFileReference; fileEncoding = 4; lastKnownFileType = sourcecode.c.objc; path = HWStatusCell.m; sourceTree = "<group>"; };
		CCA7A6111C15368F005517A1 /* AFHTTPRequestOperation.h */ = {isa = PBXFileReference; fileEncoding = 4; lastKnownFileType = sourcecode.c.h; path = AFHTTPRequestOperation.h; sourceTree = "<group>"; };
		CCA7A6121C15368F005517A1 /* AFHTTPRequestOperation.m */ = {isa = PBXFileReference; fileEncoding = 4; lastKnownFileType = sourcecode.c.objc; path = AFHTTPRequestOperation.m; sourceTree = "<group>"; };
		CCA7A6131C15368F005517A1 /* AFHTTPRequestOperationManager.h */ = {isa = PBXFileReference; fileEncoding = 4; lastKnownFileType = sourcecode.c.h; path = AFHTTPRequestOperationManager.h; sourceTree = "<group>"; };
		CCA7A6141C15368F005517A1 /* AFHTTPRequestOperationManager.m */ = {isa = PBXFileReference; fileEncoding = 4; lastKnownFileType = sourcecode.c.objc; path = AFHTTPRequestOperationManager.m; sourceTree = "<group>"; };
		CCA7A6151C15368F005517A1 /* AFHTTPSessionManager.h */ = {isa = PBXFileReference; fileEncoding = 4; lastKnownFileType = sourcecode.c.h; path = AFHTTPSessionManager.h; sourceTree = "<group>"; };
		CCA7A6161C15368F005517A1 /* AFHTTPSessionManager.m */ = {isa = PBXFileReference; fileEncoding = 4; lastKnownFileType = sourcecode.c.objc; path = AFHTTPSessionManager.m; sourceTree = "<group>"; };
		CCA7A6171C15368F005517A1 /* AFNetworking.h */ = {isa = PBXFileReference; fileEncoding = 4; lastKnownFileType = sourcecode.c.h; path = AFNetworking.h; sourceTree = "<group>"; };
		CCA7A6181C15368F005517A1 /* AFNetworkReachabilityManager.h */ = {isa = PBXFileReference; fileEncoding = 4; lastKnownFileType = sourcecode.c.h; path = AFNetworkReachabilityManager.h; sourceTree = "<group>"; };
		CCA7A6191C15368F005517A1 /* AFNetworkReachabilityManager.m */ = {isa = PBXFileReference; fileEncoding = 4; lastKnownFileType = sourcecode.c.objc; path = AFNetworkReachabilityManager.m; sourceTree = "<group>"; };
		CCA7A61A1C15368F005517A1 /* AFSecurityPolicy.h */ = {isa = PBXFileReference; fileEncoding = 4; lastKnownFileType = sourcecode.c.h; path = AFSecurityPolicy.h; sourceTree = "<group>"; };
		CCA7A61B1C15368F005517A1 /* AFSecurityPolicy.m */ = {isa = PBXFileReference; fileEncoding = 4; lastKnownFileType = sourcecode.c.objc; path = AFSecurityPolicy.m; sourceTree = "<group>"; };
		CCA7A61C1C15368F005517A1 /* AFURLConnectionOperation.h */ = {isa = PBXFileReference; fileEncoding = 4; lastKnownFileType = sourcecode.c.h; path = AFURLConnectionOperation.h; sourceTree = "<group>"; };
		CCA7A61D1C15368F005517A1 /* AFURLConnectionOperation.m */ = {isa = PBXFileReference; fileEncoding = 4; lastKnownFileType = sourcecode.c.objc; path = AFURLConnectionOperation.m; sourceTree = "<group>"; };
		CCA7A61E1C15368F005517A1 /* AFURLRequestSerialization.h */ = {isa = PBXFileReference; fileEncoding = 4; lastKnownFileType = sourcecode.c.h; path = AFURLRequestSerialization.h; sourceTree = "<group>"; };
		CCA7A61F1C15368F005517A1 /* AFURLRequestSerialization.m */ = {isa = PBXFileReference; fileEncoding = 4; lastKnownFileType = sourcecode.c.objc; path = AFURLRequestSerialization.m; sourceTree = "<group>"; };
		CCA7A6201C15368F005517A1 /* AFURLResponseSerialization.h */ = {isa = PBXFileReference; fileEncoding = 4; lastKnownFileType = sourcecode.c.h; path = AFURLResponseSerialization.h; sourceTree = "<group>"; };
		CCA7A6211C15368F005517A1 /* AFURLResponseSerialization.m */ = {isa = PBXFileReference; fileEncoding = 4; lastKnownFileType = sourcecode.c.objc; path = AFURLResponseSerialization.m; sourceTree = "<group>"; };
		CCA7A6221C15368F005517A1 /* AFURLSessionManager.h */ = {isa = PBXFileReference; fileEncoding = 4; lastKnownFileType = sourcecode.c.h; path = AFURLSessionManager.h; sourceTree = "<group>"; };
		CCA7A6231C15368F005517A1 /* AFURLSessionManager.m */ = {isa = PBXFileReference; fileEncoding = 4; lastKnownFileType = sourcecode.c.objc; path = AFURLSessionManager.m; sourceTree = "<group>"; };
		CCA7A62E1C157370005517A1 /* HWAccount.h */ = {isa = PBXFileReference; fileEncoding = 4; lastKnownFileType = sourcecode.c.h; path = HWAccount.h; sourceTree = "<group>"; };
		CCA7A62F1C157370005517A1 /* HWAccount.m */ = {isa = PBXFileReference; fileEncoding = 4; lastKnownFileType = sourcecode.c.objc; path = HWAccount.m; sourceTree = "<group>"; };
		CCA7A6321C157F53005517A1 /* MBProgressHUD+MJ.h */ = {isa = PBXFileReference; fileEncoding = 4; lastKnownFileType = sourcecode.c.h; path = "MBProgressHUD+MJ.h"; sourceTree = "<group>"; };
		CCA7A6331C157F53005517A1 /* MBProgressHUD+MJ.m */ = {isa = PBXFileReference; fileEncoding = 4; lastKnownFileType = sourcecode.c.objc; path = "MBProgressHUD+MJ.m"; sourceTree = "<group>"; };
		CCA7A6341C157F53005517A1 /* MBProgressHUD.bundle */ = {isa = PBXFileReference; lastKnownFileType = "wrapper.plug-in"; path = MBProgressHUD.bundle; sourceTree = "<group>"; };
		CCA7A6351C157F53005517A1 /* MBProgressHUD.h */ = {isa = PBXFileReference; fileEncoding = 4; lastKnownFileType = sourcecode.c.h; path = MBProgressHUD.h; sourceTree = "<group>"; };
		CCA7A6361C157F53005517A1 /* MBProgressHUD.m */ = {isa = PBXFileReference; fileEncoding = 4; lastKnownFileType = sourcecode.c.objc; path = MBProgressHUD.m; sourceTree = "<group>"; };
		CCA7A63B1C158278005517A1 /* HWAccountTool.h */ = {isa = PBXFileReference; fileEncoding = 4; lastKnownFileType = sourcecode.c.h; path = HWAccountTool.h; sourceTree = "<group>"; };
		CCA7A63C1C158278005517A1 /* HWAccountTool.m */ = {isa = PBXFileReference; fileEncoding = 4; lastKnownFileType = sourcecode.c.objc; path = HWAccountTool.m; sourceTree = "<group>"; };
		CCA7A63E1C159A05005517A1 /* Foundation+Log.m */ = {isa = PBXFileReference; fileEncoding = 4; lastKnownFileType = sourcecode.c.objc; path = "Foundation+Log.m"; sourceTree = "<group>"; };
		CCA7A6401C15B046005517A1 /* HWTitleButton.h */ = {isa = PBXFileReference; fileEncoding = 4; lastKnownFileType = sourcecode.c.h; path = HWTitleButton.h; sourceTree = "<group>"; };
		CCA7A6411C15B046005517A1 /* HWTitleButton.m */ = {isa = PBXFileReference; fileEncoding = 4; lastKnownFileType = sourcecode.c.objc; path = HWTitleButton.m; sourceTree = "<group>"; };
		CCCEDF511C1404A9000144E6 /* HWTabBar.h */ = {isa = PBXFileReference; fileEncoding = 4; lastKnownFileType = sourcecode.c.h; path = HWTabBar.h; sourceTree = "<group>"; };
		CCCEDF521C1404A9000144E6 /* HWTabBar.m */ = {isa = PBXFileReference; fileEncoding = 4; lastKnownFileType = sourcecode.c.objc; path = HWTabBar.m; sourceTree = "<group>"; };
		CCCEDF561C142FF7000144E6 /* HWNewFeatureController.h */ = {isa = PBXFileReference; fileEncoding = 4; lastKnownFileType = sourcecode.c.h; path = HWNewFeatureController.h; sourceTree = "<group>"; };
		CCCEDF571C142FF7000144E6 /* HWNewFeatureController.m */ = {isa = PBXFileReference; fileEncoding = 4; lastKnownFileType = sourcecode.c.objc; path = HWNewFeatureController.m; sourceTree = "<group>"; };
		CCCEDF5B1C148B5C000144E6 /* HWOAuthController.h */ = {isa = PBXFileReference; fileEncoding = 4; lastKnownFileType = sourcecode.c.h; path = HWOAuthController.h; sourceTree = "<group>"; };
		CCCEDF5C1C148B5C000144E6 /* HWOAuthController.m */ = {isa = PBXFileReference; fileEncoding = 4; lastKnownFileType = sourcecode.c.objc; path = HWOAuthController.m; sourceTree = "<group>"; };
		CCCF9A571C191E550001D07C /* HWStatusToolbar.h */ = {isa = PBXFileReference; fileEncoding = 4; lastKnownFileType = sourcecode.c.h; path = HWStatusToolbar.h; sourceTree = "<group>"; };
		CCCF9A581C191E550001D07C /* HWStatusToolbar.m */ = {isa = PBXFileReference; fileEncoding = 4; lastKnownFileType = sourcecode.c.objc; path = HWStatusToolbar.m; sourceTree = "<group>"; };
		CCCF9A5D1C1985FF0001D07C /* NSString+Extension.h */ = {isa = PBXFileReference; fileEncoding = 4; lastKnownFileType = sourcecode.c.h; path = "NSString+Extension.h"; sourceTree = "<group>"; };
		CCCF9A5E1C1985FF0001D07C /* NSString+Extension.m */ = {isa = PBXFileReference; fileEncoding = 4; lastKnownFileType = sourcecode.c.objc; path = "NSString+Extension.m"; sourceTree = "<group>"; };
		CCCF9A601C199F400001D07C /* NSDate+Extension.h */ = {isa = PBXFileReference; fileEncoding = 4; lastKnownFileType = sourcecode.c.h; path = "NSDate+Extension.h"; sourceTree = "<group>"; };
		CCCF9A611C199F400001D07C /* NSDate+Extension.m */ = {isa = PBXFileReference; fileEncoding = 4; lastKnownFileType = sourcecode.c.objc; path = "NSDate+Extension.m"; sourceTree = "<group>"; };
		CCCF9A631C199F890001D07C /* HWStatusPhotosView.h */ = {isa = PBXFileReference; fileEncoding = 4; lastKnownFileType = sourcecode.c.h; path = HWStatusPhotosView.h; sourceTree = "<group>"; };
		CCCF9A641C199F890001D07C /* HWStatusPhotosView.m */ = {isa = PBXFileReference; fileEncoding = 4; lastKnownFileType = sourcecode.c.objc; path = HWStatusPhotosView.m; sourceTree = "<group>"; };
		CCCF9A691C19BB050001D07C /* HWStatusPhotoView.h */ = {isa = PBXFileReference; fileEncoding = 4; lastKnownFileType = sourcecode.c.h; path = HWStatusPhotoView.h; sourceTree = "<group>"; };
		CCCF9A6A1C19BB050001D07C /* HWStatusPhotoView.m */ = {isa = PBXFileReference; fileEncoding = 4; lastKnownFileType = sourcecode.c.objc; path = HWStatusPhotoView.m; sourceTree = "<group>"; };
		CCEA3E8B1C1BCC4E0074C757 /* HWTextView.h */ = {isa = PBXFileReference; fileEncoding = 4; lastKnownFileType = sourcecode.c.h; path = HWTextView.h; sourceTree = "<group>"; };
		CCEA3E8C1C1BCC4E0074C757 /* HWTextView.m */ = {isa = PBXFileReference; fileEncoding = 4; lastKnownFileType = sourcecode.c.objc; path = HWTextView.m; sourceTree = "<group>"; };
		CCFA0F821C11ADCE00EAF430 /* 微博项目.app */ = {isa = PBXFileReference; explicitFileType = wrapper.application; includeInIndex = 0; path = "微博项目.app"; sourceTree = BUILT_PRODUCTS_DIR; };
		CCFA0F911C11ADCE00EAF430 /* Assets.xcassets */ = {isa = PBXFileReference; lastKnownFileType = folder.assetcatalog; path = Assets.xcassets; sourceTree = "<group>"; };
		CCFA0F961C11ADCE00EAF430 /* Info.plist */ = {isa = PBXFileReference; lastKnownFileType = text.plist.xml; path = Info.plist; sourceTree = "<group>"; };
		CCFA0F9B1C11ADCE00EAF430 /* 微博项目Tests.xctest */ = {isa = PBXFileReference; explicitFileType = wrapper.cfbundle; includeInIndex = 0; path = "微博项目Tests.xctest"; sourceTree = BUILT_PRODUCTS_DIR; };
		CCFA0F9F1C11ADCE00EAF430 /* ____Tests.m */ = {isa = PBXFileReference; lastKnownFileType = sourcecode.c.objc; path = "____Tests.m"; sourceTree = "<group>"; };
		CCFA0FA11C11ADCE00EAF430 /* Info.plist */ = {isa = PBXFileReference; lastKnownFileType = text.plist.xml; path = Info.plist; sourceTree = "<group>"; };
		CCFA0FA61C11ADCE00EAF430 /* 微博项目UITests.xctest */ = {isa = PBXFileReference; explicitFileType = wrapper.cfbundle; includeInIndex = 0; path = "微博项目UITests.xctest"; sourceTree = BUILT_PRODUCTS_DIR; };
		CCFA0FAA1C11ADCE00EAF430 /* ____UITests.m */ = {isa = PBXFileReference; lastKnownFileType = sourcecode.c.objc; path = "____UITests.m"; sourceTree = "<group>"; };
		CCFA0FAC1C11ADCE00EAF430 /* Info.plist */ = {isa = PBXFileReference; lastKnownFileType = text.plist.xml; path = Info.plist; sourceTree = "<group>"; };
		CCFA0FB81C11AEEC00EAF430 /* PrefixHeader.pch */ = {isa = PBXFileReference; fileEncoding = 4; lastKnownFileType = sourcecode.c.h; name = PrefixHeader.pch; path = ../PrefixHeader.pch; sourceTree = "<group>"; };
		CCFA48901C16794800C8AA2A /* HWUser.h */ = {isa = PBXFileReference; fileEncoding = 4; lastKnownFileType = sourcecode.c.h; path = HWUser.h; sourceTree = "<group>"; };
		CCFA48911C16794800C8AA2A /* HWUser.m */ = {isa = PBXFileReference; fileEncoding = 4; lastKnownFileType = sourcecode.c.objc; path = HWUser.m; sourceTree = "<group>"; };
		CCFA48931C167A5900C8AA2A /* HWStatus.h */ = {isa = PBXFileReference; fileEncoding = 4; lastKnownFileType = sourcecode.c.h; path = HWStatus.h; sourceTree = "<group>"; };
		CCFA48941C167A5900C8AA2A /* HWStatus.m */ = {isa = PBXFileReference; fileEncoding = 4; lastKnownFileType = sourcecode.c.objc; path = HWStatus.m; sourceTree = "<group>"; };
		CCFA48971C16804600C8AA2A /* MJDictionaryCache.h */ = {isa = PBXFileReference; fileEncoding = 4; lastKnownFileType = sourcecode.c.h; path = MJDictionaryCache.h; sourceTree = "<group>"; };
		CCFA48981C16804600C8AA2A /* MJDictionaryCache.m */ = {isa = PBXFileReference; fileEncoding = 4; lastKnownFileType = sourcecode.c.objc; path = MJDictionaryCache.m; sourceTree = "<group>"; };
		CCFA48991C16804600C8AA2A /* MJExtension.h */ = {isa = PBXFileReference; fileEncoding = 4; lastKnownFileType = sourcecode.c.h; path = MJExtension.h; sourceTree = "<group>"; };
		CCFA489A1C16804600C8AA2A /* MJExtensionConst.h */ = {isa = PBXFileReference; fileEncoding = 4; lastKnownFileType = sourcecode.c.h; path = MJExtensionConst.h; sourceTree = "<group>"; };
		CCFA489B1C16804600C8AA2A /* MJExtensionConst.m */ = {isa = PBXFileReference; fileEncoding = 4; lastKnownFileType = sourcecode.c.objc; path = MJExtensionConst.m; sourceTree = "<group>"; };
		CCFA489C1C16804600C8AA2A /* MJFoundation.h */ = {isa = PBXFileReference; fileEncoding = 4; lastKnownFileType = sourcecode.c.h; path = MJFoundation.h; sourceTree = "<group>"; };
		CCFA489D1C16804600C8AA2A /* MJFoundation.m */ = {isa = PBXFileReference; fileEncoding = 4; lastKnownFileType = sourcecode.c.objc; path = MJFoundation.m; sourceTree = "<group>"; };
		CCFA489E1C16804600C8AA2A /* MJProperty.h */ = {isa = PBXFileReference; fileEncoding = 4; lastKnownFileType = sourcecode.c.h; path = MJProperty.h; sourceTree = "<group>"; };
		CCFA489F1C16804600C8AA2A /* MJProperty.m */ = {isa = PBXFileReference; fileEncoding = 4; lastKnownFileType = sourcecode.c.objc; path = MJProperty.m; sourceTree = "<group>"; };
		CCFA48A01C16804600C8AA2A /* MJPropertyKey.h */ = {isa = PBXFileReference; fileEncoding = 4; lastKnownFileType = sourcecode.c.h; path = MJPropertyKey.h; sourceTree = "<group>"; };
		CCFA48A11C16804600C8AA2A /* MJPropertyKey.m */ = {isa = PBXFileReference; fileEncoding = 4; lastKnownFileType = sourcecode.c.objc; path = MJPropertyKey.m; sourceTree = "<group>"; };
		CCFA48A21C16804600C8AA2A /* MJPropertyType.h */ = {isa = PBXFileReference; fileEncoding = 4; lastKnownFileType = sourcecode.c.h; path = MJPropertyType.h; sourceTree = "<group>"; };
		CCFA48A31C16804600C8AA2A /* MJPropertyType.m */ = {isa = PBXFileReference; fileEncoding = 4; lastKnownFileType = sourcecode.c.objc; path = MJPropertyType.m; sourceTree = "<group>"; };
		CCFA48A41C16804600C8AA2A /* NSObject+MJClass.h */ = {isa = PBXFileReference; fileEncoding = 4; lastKnownFileType = sourcecode.c.h; path = "NSObject+MJClass.h"; sourceTree = "<group>"; };
		CCFA48A51C16804600C8AA2A /* NSObject+MJClass.m */ = {isa = PBXFileReference; fileEncoding = 4; lastKnownFileType = sourcecode.c.objc; path = "NSObject+MJClass.m"; sourceTree = "<group>"; };
		CCFA48A61C16804600C8AA2A /* NSObject+MJCoding.h */ = {isa = PBXFileReference; fileEncoding = 4; lastKnownFileType = sourcecode.c.h; path = "NSObject+MJCoding.h"; sourceTree = "<group>"; };
		CCFA48A71C16804600C8AA2A /* NSObject+MJCoding.m */ = {isa = PBXFileReference; fileEncoding = 4; lastKnownFileType = sourcecode.c.objc; path = "NSObject+MJCoding.m"; sourceTree = "<group>"; };
		CCFA48A81C16804600C8AA2A /* NSObject+MJKeyValue.h */ = {isa = PBXFileReference; fileEncoding = 4; lastKnownFileType = sourcecode.c.h; path = "NSObject+MJKeyValue.h"; sourceTree = "<group>"; };
		CCFA48A91C16804600C8AA2A /* NSObject+MJKeyValue.m */ = {isa = PBXFileReference; fileEncoding = 4; lastKnownFileType = sourcecode.c.objc; path = "NSObject+MJKeyValue.m"; sourceTree = "<group>"; };
		CCFA48AA1C16804600C8AA2A /* NSObject+MJProperty.h */ = {isa = PBXFileReference; fileEncoding = 4; lastKnownFileType = sourcecode.c.h; path = "NSObject+MJProperty.h"; sourceTree = "<group>"; };
		CCFA48AB1C16804600C8AA2A /* NSObject+MJProperty.m */ = {isa = PBXFileReference; fileEncoding = 4; lastKnownFileType = sourcecode.c.objc; path = "NSObject+MJProperty.m"; sourceTree = "<group>"; };
		CCFA48AC1C16804600C8AA2A /* NSString+MJExtension.h */ = {isa = PBXFileReference; fileEncoding = 4; lastKnownFileType = sourcecode.c.h; path = "NSString+MJExtension.h"; sourceTree = "<group>"; };
		CCFA48AD1C16804600C8AA2A /* NSString+MJExtension.m */ = {isa = PBXFileReference; fileEncoding = 4; lastKnownFileType = sourcecode.c.objc; path = "NSString+MJExtension.m"; sourceTree = "<group>"; };
		CCFA48B91C16AAC500C8AA2A /* HWLoadMoreFooter.h */ = {isa = PBXFileReference; fileEncoding = 4; lastKnownFileType = sourcecode.c.h; path = HWLoadMoreFooter.h; sourceTree = "<group>"; };
		CCFA48BA1C16AAC500C8AA2A /* HWLoadMoreFooter.m */ = {isa = PBXFileReference; fileEncoding = 4; lastKnownFileType = sourcecode.c.objc; path = HWLoadMoreFooter.m; sourceTree = "<group>"; };
		CCFA48BC1C16AAE100C8AA2A /* loadMoreFooter.xib */ = {isa = PBXFileReference; fileEncoding = 4; lastKnownFileType = file.xib; path = loadMoreFooter.xib; sourceTree = "<group>"; };
/* End PBXFileReference section */

/* Begin PBXFrameworksBuildPhase section */
		CCFA0F7F1C11ADCE00EAF430 /* Frameworks */ = {
			isa = PBXFrameworksBuildPhase;
			buildActionMask = 2147483647;
			files = (
			);
			runOnlyForDeploymentPostprocessing = 0;
		};
		CCFA0F981C11ADCE00EAF430 /* Frameworks */ = {
			isa = PBXFrameworksBuildPhase;
			buildActionMask = 2147483647;
			files = (
			);
			runOnlyForDeploymentPostprocessing = 0;
		};
		CCFA0FA31C11ADCE00EAF430 /* Frameworks */ = {
			isa = PBXFrameworksBuildPhase;
			buildActionMask = 2147483647;
			files = (
			);
			runOnlyForDeploymentPostprocessing = 0;
		};
/* End PBXFrameworksBuildPhase section */

/* Begin PBXGroup section */
		CC00C2701C1AA33500CB51D0 /* Compose */ = {
			isa = PBXGroup;
			children = (
				CC00C2711C1AA33500CB51D0 /* Controller */,
			);
			path = Compose;
			sourceTree = "<group>";
		};
		CC00C2711C1AA33500CB51D0 /* Controller */ = {
			isa = PBXGroup;
			children = (
				CC8A6B081C1B0229006D179E /* HWComposeController.h */,
				CC8A6B091C1B0229006D179E /* HWComposeController.m */,
			);
			path = Controller;
			sourceTree = "<group>";
		};
		CC67625C1C15D56800049853 /* SDWebImage */ = {
			isa = PBXGroup;
			children = (
				CC67625D1C15D56800049853 /* MKAnnotationView+WebCache.h */,
				CC67625E1C15D56800049853 /* MKAnnotationView+WebCache.m */,
				CC67625F1C15D56800049853 /* NSData+ImageContentType.h */,
				CC6762601C15D56800049853 /* NSData+ImageContentType.m */,
				CC6762611C15D56800049853 /* SDImageCache.h */,
				CC6762621C15D56800049853 /* SDImageCache.m */,
				CC6762631C15D56800049853 /* SDWebImageCompat.h */,
				CC6762641C15D56800049853 /* SDWebImageCompat.m */,
				CC6762651C15D56800049853 /* SDWebImageDecoder.h */,
				CC6762661C15D56800049853 /* SDWebImageDecoder.m */,
				CC6762671C15D56800049853 /* SDWebImageDownloader.h */,
				CC6762681C15D56800049853 /* SDWebImageDownloader.m */,
				CC6762691C15D56800049853 /* SDWebImageDownloaderOperation.h */,
				CC67626A1C15D56800049853 /* SDWebImageDownloaderOperation.m */,
				CC67626B1C15D56800049853 /* SDWebImageManager.h */,
				CC67626C1C15D56800049853 /* SDWebImageManager.m */,
				CC67626D1C15D56800049853 /* SDWebImageOperation.h */,
				CC67626E1C15D56800049853 /* SDWebImagePrefetcher.h */,
				CC67626F1C15D56800049853 /* SDWebImagePrefetcher.m */,
				CC6762701C15D56800049853 /* UIButton+WebCache.h */,
				CC6762711C15D56800049853 /* UIButton+WebCache.m */,
				CC6762721C15D56800049853 /* UIImage+GIF.h */,
				CC6762731C15D56800049853 /* UIImage+GIF.m */,
				CC6762741C15D56800049853 /* UIImage+MultiFormat.h */,
				CC6762751C15D56800049853 /* UIImage+MultiFormat.m */,
				CC6762761C15D56800049853 /* UIImage+WebP.h */,
				CC6762771C15D56800049853 /* UIImage+WebP.m */,
				CC6762781C15D56800049853 /* UIImageView+HighlightedWebCache.h */,
				CC6762791C15D56800049853 /* UIImageView+HighlightedWebCache.m */,
				CC67627A1C15D56800049853 /* UIImageView+WebCache.h */,
				CC67627B1C15D56800049853 /* UIImageView+WebCache.m */,
				CC67627C1C15D56800049853 /* UIView+WebCacheOperation.h */,
				CC67627D1C15D56800049853 /* UIView+WebCacheOperation.m */,
			);
			path = SDWebImage;
			sourceTree = "<group>";
		};
		CC6A32D51C12C4F5000E682F /* classes */ = {
			isa = PBXGroup;
			children = (
				CC00C2701C1AA33500CB51D0 /* Compose */,
				CCCEDF591C148B28000144E6 /* OAuth */,
				CCCEDF541C142FD4000144E6 /* NewFeature */,
				CC6A32D61C12C4F5000E682F /* Discover */,
				CC6A32DC1C12C4F5000E682F /* Home */,
				CC6A32E21C12C4F5000E682F /* Main */,
				CC6A32F01C12C4F5000E682F /* MessageCenter */,
				CC6A32F61C12C4F5000E682F /* Other */,
				CC6A32F71C12C4F5000E682F /* Profile */,
			);
			path = classes;
			sourceTree = "<group>";
		};
		CC6A32D61C12C4F5000E682F /* Discover */ = {
			isa = PBXGroup;
			children = (
				CC6A32D71C12C4F5000E682F /* Controller */,
				CC6A32DA1C12C4F5000E682F /* Model */,
				CC6A32DB1C12C4F5000E682F /* View */,
			);
			path = Discover;
			sourceTree = "<group>";
		};
		CC6A32D71C12C4F5000E682F /* Controller */ = {
			isa = PBXGroup;
			children = (
				CC6A32D81C12C4F5000E682F /* HWDiscoverViewController.h */,
				CC6A32D91C12C4F5000E682F /* HWDiscoverViewController.m */,
			);
			path = Controller;
			sourceTree = "<group>";
		};
		CC6A32DA1C12C4F5000E682F /* Model */ = {
			isa = PBXGroup;
			children = (
			);
			path = Model;
			sourceTree = "<group>";
		};
		CC6A32DB1C12C4F5000E682F /* View */ = {
			isa = PBXGroup;
			children = (
			);
			path = View;
			sourceTree = "<group>";
		};
		CC6A32DC1C12C4F5000E682F /* Home */ = {
			isa = PBXGroup;
			children = (
				CC6A32DD1C12C4F5000E682F /* Controller */,
				CC6A32E01C12C4F5000E682F /* Model */,
				CC6A32E11C12C4F5000E682F /* View */,
			);
			path = Home;
			sourceTree = "<group>";
		};
		CC6A32DD1C12C4F5000E682F /* Controller */ = {
			isa = PBXGroup;
			children = (
				CC6A32DE1C12C4F5000E682F /* HWHomeViewController.h */,
				CC6A32DF1C12C4F5000E682F /* HWHomeViewController.m */,
			);
			path = Controller;
			sourceTree = "<group>";
		};
		CC6A32E01C12C4F5000E682F /* Model */ = {
			isa = PBXGroup;
			children = (
				CCFA48901C16794800C8AA2A /* HWUser.h */,
				CCFA48911C16794800C8AA2A /* HWUser.m */,
				CCFA48931C167A5900C8AA2A /* HWStatus.h */,
				CCFA48941C167A5900C8AA2A /* HWStatus.m */,
				CC6CE7411C17EE71009B7787 /* HWStatusFrame.h */,
				CC6CE7421C17EE71009B7787 /* HWStatusFrame.m */,
				CC6CE7441C1810DD009B7787 /* HWPhoto.h */,
				CC6CE7451C1810DD009B7787 /* HWPhoto.m */,
			);
			path = Model;
			sourceTree = "<group>";
		};
		CC6A32E11C12C4F5000E682F /* View */ = {
			isa = PBXGroup;
			children = (
				CCA7A6401C15B046005517A1 /* HWTitleButton.h */,
				CCA7A6411C15B046005517A1 /* HWTitleButton.m */,
				CCFA48B91C16AAC500C8AA2A /* HWLoadMoreFooter.h */,
				CCFA48BA1C16AAC500C8AA2A /* HWLoadMoreFooter.m */,
				CCFA48BC1C16AAE100C8AA2A /* loadMoreFooter.xib */,
				CC93ED251C17DFCB0018B6C8 /* HWStatusCell.h */,
				CC93ED261C17DFCB0018B6C8 /* HWStatusCell.m */,
				CCCF9A571C191E550001D07C /* HWStatusToolbar.h */,
				CCCF9A581C191E550001D07C /* HWStatusToolbar.m */,
				CCCF9A631C199F890001D07C /* HWStatusPhotosView.h */,
				CCCF9A641C199F890001D07C /* HWStatusPhotosView.m */,
				CCCF9A691C19BB050001D07C /* HWStatusPhotoView.h */,
				CCCF9A6A1C19BB050001D07C /* HWStatusPhotoView.m */,
			);
			path = View;
			sourceTree = "<group>";
		};
		CC6A32E21C12C4F5000E682F /* Main */ = {
			isa = PBXGroup;
			children = (
				CC6A32E31C12C4F5000E682F /* Category */,
				CC6A32E61C12C4F5000E682F /* Controller */,
				CC6A32E91C12C4F5000E682F /* LIb */,
				CC6A32EA1C12C4F5000E682F /* Model */,
				CC6A32EB1C12C4F5000E682F /* Other */,
				CC6A32EF1C12C4F5000E682F /* View */,
			);
			path = Main;
			sourceTree = "<group>";
		};
		CC6A32E31C12C4F5000E682F /* Category */ = {
			isa = PBXGroup;
			children = (
				CCCF9A601C199F400001D07C /* NSDate+Extension.h */,
				CCCF9A611C199F400001D07C /* NSDate+Extension.m */,
				CC6A32E41C12C4F5000E682F /* UIView+HWExtension.h */,
				CC6A32E51C12C4F5000E682F /* UIView+HWExtension.m */,
				CC6A33051C12CCFC000E682F /* UIBarButtonItem+Extension.h */,
				CC6A33061C12CCFC000E682F /* UIBarButtonItem+Extension.m */,
				CCCF9A5D1C1985FF0001D07C /* NSString+Extension.h */,
				CCCF9A5E1C1985FF0001D07C /* NSString+Extension.m */,
			);
			path = Category;
			sourceTree = "<group>";
		};
		CC6A32E61C12C4F5000E682F /* Controller */ = {
			isa = PBXGroup;
			children = (
				CC6A32E71C12C4F5000E682F /* HWTabbarViewController.h */,
				CC6A32E81C12C4F5000E682F /* HWTabbarViewController.m */,
				CC6A33081C12D2DD000E682F /* HWNavigationController.h */,
				CC6A33091C12D2DD000E682F /* HWNavigationController.m */,
			);
			path = Controller;
			sourceTree = "<group>";
		};
		CC6A32E91C12C4F5000E682F /* LIb */ = {
			isa = PBXGroup;
			children = (
				CCFA48961C16804600C8AA2A /* MJExtension */,
				CC67625C1C15D56800049853 /* SDWebImage */,
				CCA7A63E1C159A05005517A1 /* Foundation+Log.m */,
				CCA7A6311C157F53005517A1 /* MBProgressHUD */,
				CCA7A6101C15368F005517A1 /* AFNetworking */,
			);
			path = LIb;
			sourceTree = "<group>";
		};
		CC6A32EA1C12C4F5000E682F /* Model */ = {
			isa = PBXGroup;
			children = (
			);
			path = Model;
			sourceTree = "<group>";
		};
		CC6A32EB1C12C4F5000E682F /* Other */ = {
			isa = PBXGroup;
			children = (
				CC6A32EC1C12C4F5000E682F /* AppDelegate.h */,
				CC6A32ED1C12C4F5000E682F /* AppDelegate.m */,
				CC6A32EE1C12C4F5000E682F /* main.m */,
			);
			path = Other;
			sourceTree = "<group>";
		};
		CC6A32EF1C12C4F5000E682F /* View */ = {
			isa = PBXGroup;
			children = (
				CC6A33101C12FCCA000E682F /* HWSearchBar.h */,
				CC6A33111C12FCCA000E682F /* HWSearchBar.m */,
				CC6A33131C1331F6000E682F /* HWDropMenu.h */,
				CC6A33141C1331F6000E682F /* HWDropMenu.m */,
				CCCEDF511C1404A9000144E6 /* HWTabBar.h */,
				CCCEDF521C1404A9000144E6 /* HWTabBar.m */,
				CC00C26D1C1A89EF00CB51D0 /* HWIconView.h */,
				CC00C26E1C1A89EF00CB51D0 /* HWIconView.m */,
				CCEA3E8B1C1BCC4E0074C757 /* HWTextView.h */,
				CCEA3E8C1C1BCC4E0074C757 /* HWTextView.m */,
			);
			path = View;
			sourceTree = "<group>";
		};
		CC6A32F01C12C4F5000E682F /* MessageCenter */ = {
			isa = PBXGroup;
			children = (
				CC6A32F11C12C4F5000E682F /* Controller */,
				CC6A32F41C12C4F5000E682F /* Model */,
				CC6A32F51C12C4F5000E682F /* View */,
			);
			path = MessageCenter;
			sourceTree = "<group>";
		};
		CC6A32F11C12C4F5000E682F /* Controller */ = {
			isa = PBXGroup;
			children = (
				CC6A32F21C12C4F5000E682F /* HWMessageCenterViewController.h */,
				CC6A32F31C12C4F5000E682F /* HWMessageCenterViewController.m */,
			);
			path = Controller;
			sourceTree = "<group>";
		};
		CC6A32F41C12C4F5000E682F /* Model */ = {
			isa = PBXGroup;
			children = (
			);
			path = Model;
			sourceTree = "<group>";
		};
		CC6A32F51C12C4F5000E682F /* View */ = {
			isa = PBXGroup;
			children = (
			);
			path = View;
			sourceTree = "<group>";
		};
		CC6A32F61C12C4F5000E682F /* Other */ = {
			isa = PBXGroup;
			children = (
				CC6A330B1C12DE82000E682F /* HWTestViewController.h */,
				CC6A330C1C12DE82000E682F /* HWTestViewController.m */,
				CC6A330D1C12DE82000E682F /* HWTestViewController.xib */,
			);
			path = Other;
			sourceTree = "<group>";
		};
		CC6A32F71C12C4F5000E682F /* Profile */ = {
			isa = PBXGroup;
			children = (
				CC6A32F81C12C4F5000E682F /* Controller */,
				CC6A32FB1C12C4F5000E682F /* Model */,
				CC6A32FC1C12C4F5000E682F /* View */,
			);
			path = Profile;
			sourceTree = "<group>";
		};
		CC6A32F81C12C4F5000E682F /* Controller */ = {
			isa = PBXGroup;
			children = (
				CC6A32F91C12C4F5000E682F /* HWProfileViewController.h */,
				CC6A32FA1C12C4F5000E682F /* HWProfileViewController.m */,
			);
			path = Controller;
			sourceTree = "<group>";
		};
		CC6A32FB1C12C4F5000E682F /* Model */ = {
			isa = PBXGroup;
			children = (
			);
			path = Model;
			sourceTree = "<group>";
		};
		CC6A32FC1C12C4F5000E682F /* View */ = {
			isa = PBXGroup;
			children = (
			);
			path = View;
			sourceTree = "<group>";
		};
		CCA7A6101C15368F005517A1 /* AFNetworking */ = {
			isa = PBXGroup;
			children = (
				CCA7A6111C15368F005517A1 /* AFHTTPRequestOperation.h */,
				CCA7A6121C15368F005517A1 /* AFHTTPRequestOperation.m */,
				CCA7A6131C15368F005517A1 /* AFHTTPRequestOperationManager.h */,
				CCA7A6141C15368F005517A1 /* AFHTTPRequestOperationManager.m */,
				CCA7A6151C15368F005517A1 /* AFHTTPSessionManager.h */,
				CCA7A6161C15368F005517A1 /* AFHTTPSessionManager.m */,
				CCA7A6171C15368F005517A1 /* AFNetworking.h */,
				CCA7A6181C15368F005517A1 /* AFNetworkReachabilityManager.h */,
				CCA7A6191C15368F005517A1 /* AFNetworkReachabilityManager.m */,
				CCA7A61A1C15368F005517A1 /* AFSecurityPolicy.h */,
				CCA7A61B1C15368F005517A1 /* AFSecurityPolicy.m */,
				CCA7A61C1C15368F005517A1 /* AFURLConnectionOperation.h */,
				CCA7A61D1C15368F005517A1 /* AFURLConnectionOperation.m */,
				CCA7A61E1C15368F005517A1 /* AFURLRequestSerialization.h */,
				CCA7A61F1C15368F005517A1 /* AFURLRequestSerialization.m */,
				CCA7A6201C15368F005517A1 /* AFURLResponseSerialization.h */,
				CCA7A6211C15368F005517A1 /* AFURLResponseSerialization.m */,
				CCA7A6221C15368F005517A1 /* AFURLSessionManager.h */,
				CCA7A6231C15368F005517A1 /* AFURLSessionManager.m */,
			);
			path = AFNetworking;
			sourceTree = "<group>";
		};
		CCA7A62D1C157351005517A1 /* Model */ = {
			isa = PBXGroup;
			children = (
				CCA7A62E1C157370005517A1 /* HWAccount.h */,
				CCA7A62F1C157370005517A1 /* HWAccount.m */,
			);
			path = Model;
			sourceTree = "<group>";
		};
		CCA7A6311C157F53005517A1 /* MBProgressHUD */ = {
			isa = PBXGroup;
			children = (
				CCA7A6321C157F53005517A1 /* MBProgressHUD+MJ.h */,
				CCA7A6331C157F53005517A1 /* MBProgressHUD+MJ.m */,
				CCA7A6341C157F53005517A1 /* MBProgressHUD.bundle */,
				CCA7A6351C157F53005517A1 /* MBProgressHUD.h */,
				CCA7A6361C157F53005517A1 /* MBProgressHUD.m */,
			);
			path = MBProgressHUD;
			sourceTree = "<group>";
		};
		CCA7A63A1C158268005517A1 /* Tool */ = {
			isa = PBXGroup;
			children = (
				CCA7A63B1C158278005517A1 /* HWAccountTool.h */,
				CCA7A63C1C158278005517A1 /* HWAccountTool.m */,
			);
			path = Tool;
			sourceTree = "<group>";
		};
		CCCEDF541C142FD4000144E6 /* NewFeature */ = {
			isa = PBXGroup;
			children = (
				CCCEDF551C142FD4000144E6 /* Controller */,
			);
			path = NewFeature;
			sourceTree = "<group>";
		};
		CCCEDF551C142FD4000144E6 /* Controller */ = {
			isa = PBXGroup;
			children = (
				CCCEDF561C142FF7000144E6 /* HWNewFeatureController.h */,
				CCCEDF571C142FF7000144E6 /* HWNewFeatureController.m */,
			);
			path = Controller;
			sourceTree = "<group>";
		};
		CCCEDF591C148B28000144E6 /* OAuth */ = {
			isa = PBXGroup;
			children = (
				CCA7A63A1C158268005517A1 /* Tool */,
				CCA7A62D1C157351005517A1 /* Model */,
				CCCEDF5A1C148B28000144E6 /* controller */,
			);
			path = OAuth;
			sourceTree = "<group>";
		};
		CCCEDF5A1C148B28000144E6 /* controller */ = {
			isa = PBXGroup;
			children = (
				CCCEDF5B1C148B5C000144E6 /* HWOAuthController.h */,
				CCCEDF5C1C148B5C000144E6 /* HWOAuthController.m */,
			);
			path = controller;
			sourceTree = "<group>";
		};
		CCFA0F791C11ADCE00EAF430 = {
			isa = PBXGroup;
			children = (
				CCFA0F841C11ADCE00EAF430 /* 微博项目 */,
				CCFA0F9E1C11ADCE00EAF430 /* 微博项目Tests */,
				CCFA0FA91C11ADCE00EAF430 /* 微博项目UITests */,
				CCFA0F831C11ADCE00EAF430 /* Products */,
			);
			sourceTree = "<group>";
		};
		CCFA0F831C11ADCE00EAF430 /* Products */ = {
			isa = PBXGroup;
			children = (
				CCFA0F821C11ADCE00EAF430 /* 微博项目.app */,
				CCFA0F9B1C11ADCE00EAF430 /* 微博项目Tests.xctest */,
				CCFA0FA61C11ADCE00EAF430 /* 微博项目UITests.xctest */,
			);
			name = Products;
			sourceTree = "<group>";
		};
		CCFA0F841C11ADCE00EAF430 /* 微博项目 */ = {
			isa = PBXGroup;
			children = (
				CC6A32D51C12C4F5000E682F /* classes */,
				CCFA0F851C11ADCE00EAF430 /* Supporting Files */,
			);
			path = "微博项目";
			sourceTree = "<group>";
		};
		CCFA0F851C11ADCE00EAF430 /* Supporting Files */ = {
			isa = PBXGroup;
			children = (
				CCFA0F961C11ADCE00EAF430 /* Info.plist */,
				CCFA0F911C11ADCE00EAF430 /* Assets.xcassets */,
				CCFA0FB81C11AEEC00EAF430 /* PrefixHeader.pch */,
			);
			name = "Supporting Files";
			sourceTree = "<group>";
		};
		CCFA0F9E1C11ADCE00EAF430 /* 微博项目Tests */ = {
			isa = PBXGroup;
			children = (
				CCFA0F9F1C11ADCE00EAF430 /* ____Tests.m */,
				CCFA0FA11C11ADCE00EAF430 /* Info.plist */,
			);
			path = "微博项目Tests";
			sourceTree = "<group>";
		};
		CCFA0FA91C11ADCE00EAF430 /* 微博项目UITests */ = {
			isa = PBXGroup;
			children = (
				CCFA0FAA1C11ADCE00EAF430 /* ____UITests.m */,
				CCFA0FAC1C11ADCE00EAF430 /* Info.plist */,
			);
			path = "微博项目UITests";
			sourceTree = "<group>";
		};
		CCFA48961C16804600C8AA2A /* MJExtension */ = {
			isa = PBXGroup;
			children = (
				CCFA48971C16804600C8AA2A /* MJDictionaryCache.h */,
				CCFA48981C16804600C8AA2A /* MJDictionaryCache.m */,
				CCFA48991C16804600C8AA2A /* MJExtension.h */,
				CCFA489A1C16804600C8AA2A /* MJExtensionConst.h */,
				CCFA489B1C16804600C8AA2A /* MJExtensionConst.m */,
				CCFA489C1C16804600C8AA2A /* MJFoundation.h */,
				CCFA489D1C16804600C8AA2A /* MJFoundation.m */,
				CCFA489E1C16804600C8AA2A /* MJProperty.h */,
				CCFA489F1C16804600C8AA2A /* MJProperty.m */,
				CCFA48A01C16804600C8AA2A /* MJPropertyKey.h */,
				CCFA48A11C16804600C8AA2A /* MJPropertyKey.m */,
				CCFA48A21C16804600C8AA2A /* MJPropertyType.h */,
				CCFA48A31C16804600C8AA2A /* MJPropertyType.m */,
				CCFA48A41C16804600C8AA2A /* NSObject+MJClass.h */,
				CCFA48A51C16804600C8AA2A /* NSObject+MJClass.m */,
				CCFA48A61C16804600C8AA2A /* NSObject+MJCoding.h */,
				CCFA48A71C16804600C8AA2A /* NSObject+MJCoding.m */,
				CCFA48A81C16804600C8AA2A /* NSObject+MJKeyValue.h */,
				CCFA48A91C16804600C8AA2A /* NSObject+MJKeyValue.m */,
				CCFA48AA1C16804600C8AA2A /* NSObject+MJProperty.h */,
				CCFA48AB1C16804600C8AA2A /* NSObject+MJProperty.m */,
				CCFA48AC1C16804600C8AA2A /* NSString+MJExtension.h */,
				CCFA48AD1C16804600C8AA2A /* NSString+MJExtension.m */,
			);
			path = MJExtension;
			sourceTree = "<group>";
		};
/* End PBXGroup section */

/* Begin PBXNativeTarget section */
		CCFA0F811C11ADCE00EAF430 /* 微博项目 */ = {
			isa = PBXNativeTarget;
			buildConfigurationList = CCFA0FAF1C11ADCE00EAF430 /* Build configuration list for PBXNativeTarget "微博项目" */;
			buildPhases = (
				CCFA0F7E1C11ADCE00EAF430 /* Sources */,
				CCFA0F7F1C11ADCE00EAF430 /* Frameworks */,
				CCFA0F801C11ADCE00EAF430 /* Resources */,
			);
			buildRules = (
			);
			dependencies = (
			);
			name = "微博项目";
			productName = "微博项目";
			productReference = CCFA0F821C11ADCE00EAF430 /* 微博项目.app */;
			productType = "com.apple.product-type.application";
		};
		CCFA0F9A1C11ADCE00EAF430 /* 微博项目Tests */ = {
			isa = PBXNativeTarget;
			buildConfigurationList = CCFA0FB21C11ADCE00EAF430 /* Build configuration list for PBXNativeTarget "微博项目Tests" */;
			buildPhases = (
				CCFA0F971C11ADCE00EAF430 /* Sources */,
				CCFA0F981C11ADCE00EAF430 /* Frameworks */,
				CCFA0F991C11ADCE00EAF430 /* Resources */,
			);
			buildRules = (
			);
			dependencies = (
				CCFA0F9D1C11ADCE00EAF430 /* PBXTargetDependency */,
			);
			name = "微博项目Tests";
			productName = "微博项目Tests";
			productReference = CCFA0F9B1C11ADCE00EAF430 /* 微博项目Tests.xctest */;
			productType = "com.apple.product-type.bundle.unit-test";
		};
		CCFA0FA51C11ADCE00EAF430 /* 微博项目UITests */ = {
			isa = PBXNativeTarget;
			buildConfigurationList = CCFA0FB51C11ADCE00EAF430 /* Build configuration list for PBXNativeTarget "微博项目UITests" */;
			buildPhases = (
				CCFA0FA21C11ADCE00EAF430 /* Sources */,
				CCFA0FA31C11ADCE00EAF430 /* Frameworks */,
				CCFA0FA41C11ADCE00EAF430 /* Resources */,
			);
			buildRules = (
			);
			dependencies = (
				CCFA0FA81C11ADCE00EAF430 /* PBXTargetDependency */,
			);
			name = "微博项目UITests";
			productName = "微博项目UITests";
			productReference = CCFA0FA61C11ADCE00EAF430 /* 微博项目UITests.xctest */;
			productType = "com.apple.product-type.bundle.ui-testing";
		};
/* End PBXNativeTarget section */

/* Begin PBXProject section */
		CCFA0F7A1C11ADCE00EAF430 /* Project object */ = {
			isa = PBXProject;
			attributes = {
				CLASSPREFIX = HW;
				LastUpgradeCheck = 0720;
				ORGANIZATIONNAME = Youngfev;
				TargetAttributes = {
					CCFA0F811C11ADCE00EAF430 = {
						CreatedOnToolsVersion = 7.2;
						DevelopmentTeam = CCTP5JUCM6;
					};
					CCFA0F9A1C11ADCE00EAF430 = {
						CreatedOnToolsVersion = 7.2;
						DevelopmentTeam = CCTP5JUCM6;
						TestTargetID = CCFA0F811C11ADCE00EAF430;
					};
					CCFA0FA51C11ADCE00EAF430 = {
						CreatedOnToolsVersion = 7.2;
						DevelopmentTeam = CCTP5JUCM6;
						TestTargetID = CCFA0F811C11ADCE00EAF430;
					};
				};
			};
			buildConfigurationList = CCFA0F7D1C11ADCE00EAF430 /* Build configuration list for PBXProject "微博项目" */;
			compatibilityVersion = "Xcode 3.2";
			developmentRegion = English;
			hasScannedForEncodings = 0;
			knownRegions = (
				en,
				Base,
			);
			mainGroup = CCFA0F791C11ADCE00EAF430;
			productRefGroup = CCFA0F831C11ADCE00EAF430 /* Products */;
			projectDirPath = "";
			projectRoot = "";
			targets = (
				CCFA0F811C11ADCE00EAF430 /* 微博项目 */,
				CCFA0F9A1C11ADCE00EAF430 /* 微博项目Tests */,
				CCFA0FA51C11ADCE00EAF430 /* 微博项目UITests */,
			);
		};
/* End PBXProject section */

/* Begin PBXResourcesBuildPhase section */
		CCFA0F801C11ADCE00EAF430 /* Resources */ = {
			isa = PBXResourcesBuildPhase;
			buildActionMask = 2147483647;
			files = (
				CCFA0F921C11ADCE00EAF430 /* Assets.xcassets in Resources */,
				CCFA48BD1C16AAE100C8AA2A /* loadMoreFooter.xib in Resources */,
				CC6A330F1C12DE82000E682F /* HWTestViewController.xib in Resources */,
				CCA7A6381C157F53005517A1 /* MBProgressHUD.bundle in Resources */,
			);
			runOnlyForDeploymentPostprocessing = 0;
		};
		CCFA0F991C11ADCE00EAF430 /* Resources */ = {
			isa = PBXResourcesBuildPhase;
			buildActionMask = 2147483647;
			files = (
			);
			runOnlyForDeploymentPostprocessing = 0;
		};
		CCFA0FA41C11ADCE00EAF430 /* Resources */ = {
			isa = PBXResourcesBuildPhase;
			buildActionMask = 2147483647;
			files = (
			);
			runOnlyForDeploymentPostprocessing = 0;
		};
/* End PBXResourcesBuildPhase section */

/* Begin PBXSourcesBuildPhase section */
		CCFA0F7E1C11ADCE00EAF430 /* Sources */ = {
			isa = PBXSourcesBuildPhase;
			buildActionMask = 2147483647;
			files = (
				CCFA48B11C16804600C8AA2A /* MJProperty.m in Sources */,
				CCA7A62C1C15368F005517A1 /* AFURLSessionManager.m in Sources */,
				CC6CE7431C17EE71009B7787 /* HWStatusFrame.m in Sources */,
				CC93ED271C17DFCB0018B6C8 /* HWStatusCell.m in Sources */,
				CCFA48921C16794800C8AA2A /* HWUser.m in Sources */,
				CCCF9A621C199F400001D07C /* NSDate+Extension.m in Sources */,
				CC6762861C15D56800049853 /* SDWebImagePrefetcher.m in Sources */,
				CC67628D1C15D56800049853 /* UIView+WebCacheOperation.m in Sources */,
				CCCF9A5F1C1985FF0001D07C /* NSString+Extension.m in Sources */,
				CCFA48B41C16804600C8AA2A /* NSObject+MJClass.m in Sources */,
				CCFA48B31C16804600C8AA2A /* MJPropertyType.m in Sources */,
				CCCF9A591C191E550001D07C /* HWStatusToolbar.m in Sources */,
				CC67627E1C15D56800049853 /* MKAnnotationView+WebCache.m in Sources */,
				CCFA48B81C16804600C8AA2A /* NSString+MJExtension.m in Sources */,
				CCFA48BB1C16AAC500C8AA2A /* HWLoadMoreFooter.m in Sources */,
				CCA7A6291C15368F005517A1 /* AFURLConnectionOperation.m in Sources */,
				CCCF9A6B1C19BB050001D07C /* HWStatusPhotoView.m in Sources */,
				CC6CE7461C1810DD009B7787 /* HWPhoto.m in Sources */,
				CC6A330A1C12D2DD000E682F /* HWNavigationController.m in Sources */,
				CC8A6B0A1C1B0229006D179E /* HWComposeController.m in Sources */,
				CCFA48B01C16804600C8AA2A /* MJFoundation.m in Sources */,
				CCA7A6421C15B046005517A1 /* HWTitleButton.m in Sources */,
				CCA7A6261C15368F005517A1 /* AFHTTPSessionManager.m in Sources */,
				CC6762891C15D56800049853 /* UIImage+MultiFormat.m in Sources */,
				CCA7A6271C15368F005517A1 /* AFNetworkReachabilityManager.m in Sources */,
				CCA7A63D1C158278005517A1 /* HWAccountTool.m in Sources */,
				CC6A32FE1C12C4F5000E682F /* HWHomeViewController.m in Sources */,
				CCCEDF5D1C148B5C000144E6 /* HWOAuthController.m in Sources */,
				CC67627F1C15D56800049853 /* NSData+ImageContentType.m in Sources */,
				CC6762881C15D56800049853 /* UIImage+GIF.m in Sources */,
				CCFA48951C167A5900C8AA2A /* HWStatus.m in Sources */,
				CC6A33151C1331F6000E682F /* HWDropMenu.m in Sources */,
				CC6762831C15D56800049853 /* SDWebImageDownloader.m in Sources */,
				CCFA48AF1C16804600C8AA2A /* MJExtensionConst.m in Sources */,
				CC6762811C15D56800049853 /* SDWebImageCompat.m in Sources */,
				CC6A33121C12FCCA000E682F /* HWSearchBar.m in Sources */,
				CC67628B1C15D56800049853 /* UIImageView+HighlightedWebCache.m in Sources */,
				CCFA48B71C16804600C8AA2A /* NSObject+MJProperty.m in Sources */,
				CCA7A6281C15368F005517A1 /* AFSecurityPolicy.m in Sources */,
				CCA7A63F1C159A05005517A1 /* Foundation+Log.m in Sources */,
				CC6762821C15D56800049853 /* SDWebImageDecoder.m in Sources */,
				CC6762851C15D56800049853 /* SDWebImageManager.m in Sources */,
				CCCEDF531C1404A9000144E6 /* HWTabBar.m in Sources */,
				CC6A32FD1C12C4F5000E682F /* HWDiscoverViewController.m in Sources */,
				CCFA48B21C16804600C8AA2A /* MJPropertyKey.m in Sources */,
				CC6A33041C12C4F5000E682F /* HWProfileViewController.m in Sources */,
				CCEA3E8D1C1BCC4E0074C757 /* HWTextView.m in Sources */,
				CCA7A6251C15368F005517A1 /* AFHTTPRequestOperationManager.m in Sources */,
				CC6762841C15D56800049853 /* SDWebImageDownloaderOperation.m in Sources */,
				CCCF9A651C199F890001D07C /* HWStatusPhotosView.m in Sources */,
				CC6A33031C12C4F5000E682F /* HWMessageCenterViewController.m in Sources */,
				CC6A33001C12C4F5000E682F /* HWTabbarViewController.m in Sources */,
				CC6A33011C12C4F5000E682F /* AppDelegate.m in Sources */,
				CC6A33071C12CCFC000E682F /* UIBarButtonItem+Extension.m in Sources */,
				CCA7A6371C157F53005517A1 /* MBProgressHUD+MJ.m in Sources */,
				CCA7A6301C157370005517A1 /* HWAccount.m in Sources */,
				CC6A32FF1C12C4F5000E682F /* UIView+HWExtension.m in Sources */,
				CC6762871C15D56800049853 /* UIButton+WebCache.m in Sources */,
				CC6A330E1C12DE82000E682F /* HWTestViewController.m in Sources */,
				CCCEDF581C142FF7000144E6 /* HWNewFeatureController.m in Sources */,
				CC00C26F1C1A89EF00CB51D0 /* HWIconView.m in Sources */,
				CCA7A62A1C15368F005517A1 /* AFURLRequestSerialization.m in Sources */,
				CC6762801C15D56800049853 /* SDImageCache.m in Sources */,
				CCFA48AE1C16804600C8AA2A /* MJDictionaryCache.m in Sources */,
				CCA7A6241C15368F005517A1 /* AFHTTPRequestOperation.m in Sources */,
				CCA7A62B1C15368F005517A1 /* AFURLResponseSerialization.m in Sources */,
				CC6A33021C12C4F5000E682F /* main.m in Sources */,
				CCFA48B51C16804600C8AA2A /* NSObject+MJCoding.m in Sources */,
				CCFA48B61C16804600C8AA2A /* NSObject+MJKeyValue.m in Sources */,
				CCA7A6391C157F53005517A1 /* MBProgressHUD.m in Sources */,
				CC67628C1C15D56800049853 /* UIImageView+WebCache.m in Sources */,
				CC67628A1C15D56800049853 /* UIImage+WebP.m in Sources */,
			);
			runOnlyForDeploymentPostprocessing = 0;
		};
		CCFA0F971C11ADCE00EAF430 /* Sources */ = {
			isa = PBXSourcesBuildPhase;
			buildActionMask = 2147483647;
			files = (
				CCFA0FA01C11ADCE00EAF430 /* ____Tests.m in Sources */,
			);
			runOnlyForDeploymentPostprocessing = 0;
		};
		CCFA0FA21C11ADCE00EAF430 /* Sources */ = {
			isa = PBXSourcesBuildPhase;
			buildActionMask = 2147483647;
			files = (
				CCFA0FAB1C11ADCE00EAF430 /* ____UITests.m in Sources */,
			);
			runOnlyForDeploymentPostprocessing = 0;
		};
/* End PBXSourcesBuildPhase section */

/* Begin PBXTargetDependency section */
		CCFA0F9D1C11ADCE00EAF430 /* PBXTargetDependency */ = {
			isa = PBXTargetDependency;
			target = CCFA0F811C11ADCE00EAF430 /* 微博项目 */;
			targetProxy = CCFA0F9C1C11ADCE00EAF430 /* PBXContainerItemProxy */;
		};
		CCFA0FA81C11ADCE00EAF430 /* PBXTargetDependency */ = {
			isa = PBXTargetDependency;
			target = CCFA0F811C11ADCE00EAF430 /* 微博项目 */;
			targetProxy = CCFA0FA71C11ADCE00EAF430 /* PBXContainerItemProxy */;
		};
/* End PBXTargetDependency section */

/* Begin XCBuildConfiguration section */
		CCFA0FAD1C11ADCE00EAF430 /* Debug */ = {
			isa = XCBuildConfiguration;
			buildSettings = {
				ALWAYS_SEARCH_USER_PATHS = NO;
				CLANG_CXX_LANGUAGE_STANDARD = "gnu++0x";
				CLANG_CXX_LIBRARY = "libc++";
				CLANG_ENABLE_MODULES = YES;
				CLANG_ENABLE_OBJC_ARC = YES;
				CLANG_WARN_BOOL_CONVERSION = YES;
				CLANG_WARN_CONSTANT_CONVERSION = YES;
				CLANG_WARN_DIRECT_OBJC_ISA_USAGE = YES_ERROR;
				CLANG_WARN_EMPTY_BODY = YES;
				CLANG_WARN_ENUM_CONVERSION = YES;
				CLANG_WARN_INT_CONVERSION = YES;
				CLANG_WARN_OBJC_ROOT_CLASS = YES_ERROR;
				CLANG_WARN_UNREACHABLE_CODE = YES;
				CLANG_WARN__DUPLICATE_METHOD_MATCH = YES;
				"CODE_SIGN_IDENTITY[sdk=iphoneos*]" = "iPhone Developer";
				COPY_PHASE_STRIP = NO;
				DEBUG_INFORMATION_FORMAT = dwarf;
				ENABLE_STRICT_OBJC_MSGSEND = YES;
				ENABLE_TESTABILITY = YES;
				GCC_C_LANGUAGE_STANDARD = gnu99;
				GCC_DYNAMIC_NO_PIC = NO;
				GCC_NO_COMMON_BLOCKS = YES;
				GCC_OPTIMIZATION_LEVEL = 0;
				GCC_PRECOMPILE_PREFIX_HEADER = YES;
				GCC_PREPROCESSOR_DEFINITIONS = (
					"DEBUG=1",
					"$(inherited)",
				);
				GCC_WARN_64_TO_32_BIT_CONVERSION = YES;
				GCC_WARN_ABOUT_RETURN_TYPE = YES_ERROR;
				GCC_WARN_UNDECLARED_SELECTOR = YES;
				GCC_WARN_UNINITIALIZED_AUTOS = YES_AGGRESSIVE;
				GCC_WARN_UNUSED_FUNCTION = YES;
				GCC_WARN_UNUSED_VARIABLE = YES;
				IPHONEOS_DEPLOYMENT_TARGET = 9.2;
				MTL_ENABLE_DEBUG_INFO = YES;
				ONLY_ACTIVE_ARCH = YES;
				SDKROOT = iphoneos;
			};
			name = Debug;
		};
		CCFA0FAE1C11ADCE00EAF430 /* Release */ = {
			isa = XCBuildConfiguration;
			buildSettings = {
				ALWAYS_SEARCH_USER_PATHS = NO;
				CLANG_CXX_LANGUAGE_STANDARD = "gnu++0x";
				CLANG_CXX_LIBRARY = "libc++";
				CLANG_ENABLE_MODULES = YES;
				CLANG_ENABLE_OBJC_ARC = YES;
				CLANG_WARN_BOOL_CONVERSION = YES;
				CLANG_WARN_CONSTANT_CONVERSION = YES;
				CLANG_WARN_DIRECT_OBJC_ISA_USAGE = YES_ERROR;
				CLANG_WARN_EMPTY_BODY = YES;
				CLANG_WARN_ENUM_CONVERSION = YES;
				CLANG_WARN_INT_CONVERSION = YES;
				CLANG_WARN_OBJC_ROOT_CLASS = YES_ERROR;
				CLANG_WARN_UNREACHABLE_CODE = YES;
				CLANG_WARN__DUPLICATE_METHOD_MATCH = YES;
				"CODE_SIGN_IDENTITY[sdk=iphoneos*]" = "iPhone Developer";
				COPY_PHASE_STRIP = NO;
				DEBUG_INFORMATION_FORMAT = "dwarf-with-dsym";
				ENABLE_NS_ASSERTIONS = NO;
				ENABLE_STRICT_OBJC_MSGSEND = YES;
				GCC_C_LANGUAGE_STANDARD = gnu99;
				GCC_NO_COMMON_BLOCKS = YES;
				GCC_PRECOMPILE_PREFIX_HEADER = YES;
				GCC_WARN_64_TO_32_BIT_CONVERSION = YES;
				GCC_WARN_ABOUT_RETURN_TYPE = YES_ERROR;
				GCC_WARN_UNDECLARED_SELECTOR = YES;
				GCC_WARN_UNINITIALIZED_AUTOS = YES_AGGRESSIVE;
				GCC_WARN_UNUSED_FUNCTION = YES;
				GCC_WARN_UNUSED_VARIABLE = YES;
				IPHONEOS_DEPLOYMENT_TARGET = 9.2;
				MTL_ENABLE_DEBUG_INFO = NO;
				SDKROOT = iphoneos;
				VALIDATE_PRODUCT = YES;
			};
			name = Release;
		};
		CCFA0FB01C11ADCE00EAF430 /* Debug */ = {
			isa = XCBuildConfiguration;
			buildSettings = {
				ASSETCATALOG_COMPILER_APPICON_NAME = AppIcon;
				ASSETCATALOG_COMPILER_LAUNCHIMAGE_NAME = "Brand Assets";
				GCC_PRECOMPILE_PREFIX_HEADER = YES;
				GCC_PREFIX_HEADER = "/Users/Youngfev/Documents/ObjectiveC/微博项目/PrefixHeader.pch";
				INFOPLIST_FILE = "微博项目/Info.plist";
				IPHONEOS_DEPLOYMENT_TARGET = 9.2;
				LD_RUNPATH_SEARCH_PATHS = "$(inherited) @executable_path/Frameworks";
				PRODUCT_BUNDLE_IDENTIFIER = "Youngfev.----";
				PRODUCT_NAME = "$(TARGET_NAME)";
			};
			name = Debug;
		};
		CCFA0FB11C11ADCE00EAF430 /* Release */ = {
			isa = XCBuildConfiguration;
			buildSettings = {
				ASSETCATALOG_COMPILER_APPICON_NAME = AppIcon;
				ASSETCATALOG_COMPILER_LAUNCHIMAGE_NAME = "Brand Assets";
				GCC_PRECOMPILE_PREFIX_HEADER = YES;
				GCC_PREFIX_HEADER = "/Users/Youngfev/Documents/ObjectiveC/微博项目/PrefixHeader.pch";
				INFOPLIST_FILE = "微博项目/Info.plist";
				IPHONEOS_DEPLOYMENT_TARGET = 9.2;
				LD_RUNPATH_SEARCH_PATHS = "$(inherited) @executable_path/Frameworks";
				PRODUCT_BUNDLE_IDENTIFIER = "Youngfev.----";
				PRODUCT_NAME = "$(TARGET_NAME)";
			};
			name = Release;
		};
		CCFA0FB31C11ADCE00EAF430 /* Debug */ = {
			isa = XCBuildConfiguration;
			buildSettings = {
				BUNDLE_LOADER = "$(TEST_HOST)";
				INFOPLIST_FILE = "微博项目Tests/Info.plist";
				IPHONEOS_DEPLOYMENT_TARGET = 9.2;
				LD_RUNPATH_SEARCH_PATHS = "$(inherited) @executable_path/Frameworks @loader_path/Frameworks";
				PRODUCT_BUNDLE_IDENTIFIER = "Youngfev.----Tests";
				PRODUCT_NAME = "$(TARGET_NAME)";
				TEST_HOST = "$(BUILT_PRODUCTS_DIR)/微博项目.app/微博项目";
			};
			name = Debug;
		};
		CCFA0FB41C11ADCE00EAF430 /* Release */ = {
			isa = XCBuildConfiguration;
			buildSettings = {
				BUNDLE_LOADER = "$(TEST_HOST)";
				INFOPLIST_FILE = "微博项目Tests/Info.plist";
				IPHONEOS_DEPLOYMENT_TARGET = 9.2;
				LD_RUNPATH_SEARCH_PATHS = "$(inherited) @executable_path/Frameworks @loader_path/Frameworks";
				PRODUCT_BUNDLE_IDENTIFIER = "Youngfev.----Tests";
				PRODUCT_NAME = "$(TARGET_NAME)";
				TEST_HOST = "$(BUILT_PRODUCTS_DIR)/微博项目.app/微博项目";
			};
			name = Release;
		};
		CCFA0FB61C11ADCE00EAF430 /* Debug */ = {
			isa = XCBuildConfiguration;
			buildSettings = {
				INFOPLIST_FILE = "微博项目UITests/Info.plist";
				LD_RUNPATH_SEARCH_PATHS = "$(inherited) @executable_path/Frameworks @loader_path/Frameworks";
				PRODUCT_BUNDLE_IDENTIFIER = "Youngfev.----UITests";
				PRODUCT_NAME = "$(TARGET_NAME)";
				TEST_TARGET_NAME = "微博项目";
				USES_XCTRUNNER = YES;
			};
			name = Debug;
		};
		CCFA0FB71C11ADCE00EAF430 /* Release */ = {
			isa = XCBuildConfiguration;
			buildSettings = {
				INFOPLIST_FILE = "微博项目UITests/Info.plist";
				LD_RUNPATH_SEARCH_PATHS = "$(inherited) @executable_path/Frameworks @loader_path/Frameworks";
				PRODUCT_BUNDLE_IDENTIFIER = "Youngfev.----UITests";
				PRODUCT_NAME = "$(TARGET_NAME)";
				TEST_TARGET_NAME = "微博项目";
				USES_XCTRUNNER = YES;
			};
			name = Release;
		};
/* End XCBuildConfiguration section */

/* Begin XCConfigurationList section */
		CCFA0F7D1C11ADCE00EAF430 /* Build configuration list for PBXProject "微博项目" */ = {
			isa = XCConfigurationList;
			buildConfigurations = (
				CCFA0FAD1C11ADCE00EAF430 /* Debug */,
				CCFA0FAE1C11ADCE00EAF430 /* Release */,
			);
			defaultConfigurationIsVisible = 0;
			defaultConfigurationName = Release;
		};
		CCFA0FAF1C11ADCE00EAF430 /* Build configuration list for PBXNativeTarget "微博项目" */ = {
			isa = XCConfigurationList;
			buildConfigurations = (
				CCFA0FB01C11ADCE00EAF430 /* Debug */,
				CCFA0FB11C11ADCE00EAF430 /* Release */,
			);
			defaultConfigurationIsVisible = 0;
			defaultConfigurationName = Release;
		};
		CCFA0FB21C11ADCE00EAF430 /* Build configuration list for PBXNativeTarget "微博项目Tests" */ = {
			isa = XCConfigurationList;
			buildConfigurations = (
				CCFA0FB31C11ADCE00EAF430 /* Debug */,
				CCFA0FB41C11ADCE00EAF430 /* Release */,
			);
			defaultConfigurationIsVisible = 0;
			defaultConfigurationName = Release;
		};
		CCFA0FB51C11ADCE00EAF430 /* Build configuration list for PBXNativeTarget "微博项目UITests" */ = {
			isa = XCConfigurationList;
			buildConfigurations = (
				CCFA0FB61C11ADCE00EAF430 /* Debug */,
				CCFA0FB71C11ADCE00EAF430 /* Release */,
			);
			defaultConfigurationIsVisible = 0;
			defaultConfigurationName = Release;
		};
/* End XCConfigurationList section */
	};
	rootObject = CCFA0F7A1C11ADCE00EAF430 /* Project object */;
}
